// !$*UTF8*$!
{
	archiveVersion = 1;
	classes = {
	};
	objectVersion = 55;
	objects = {

/* Begin PBXBuildFile section */
		5245B402AB6ABC6240F7A980 /* libPods-HookTests.a in Frameworks */ = {isa = PBXBuildFile; fileRef = F811AAEB8B93A88A09DC7BE6 /* libPods-HookTests.a */; };
		60735617F7FE4C51A00A7BA7 /* libPods-Hook.a in Frameworks */ = {isa = PBXBuildFile; fileRef = 5E4130F480F622AAD23E6D8E /* libPods-Hook.a */; };
		6705B5DD27815B3F00793CB8 /* BrowseRouter.swift in Sources */ = {isa = PBXBuildFile; fileRef = 6705B5D927815B3F00793CB8 /* BrowseRouter.swift */; };
		6705B5DE27815B3F00793CB8 /* BrowseViewController.swift in Sources */ = {isa = PBXBuildFile; fileRef = 6705B5DA27815B3F00793CB8 /* BrowseViewController.swift */; };
		6705B5DF27815B3F00793CB8 /* BrowseBuilder.swift in Sources */ = {isa = PBXBuildFile; fileRef = 6705B5DB27815B3F00793CB8 /* BrowseBuilder.swift */; };
		6705B5E027815B3F00793CB8 /* BrowseInteractor.swift in Sources */ = {isa = PBXBuildFile; fileRef = 6705B5DC27815B3F00793CB8 /* BrowseInteractor.swift */; };
		6705B5E527815BA300793CB8 /* SearchRouter.swift in Sources */ = {isa = PBXBuildFile; fileRef = 6705B5E127815BA300793CB8 /* SearchRouter.swift */; };
		6705B5E627815BA300793CB8 /* SearchViewController.swift in Sources */ = {isa = PBXBuildFile; fileRef = 6705B5E227815BA300793CB8 /* SearchViewController.swift */; };
		6705B5E727815BA300793CB8 /* SearchBuilder.swift in Sources */ = {isa = PBXBuildFile; fileRef = 6705B5E327815BA300793CB8 /* SearchBuilder.swift */; };
		6705B5E827815BA300793CB8 /* SearchInteractor.swift in Sources */ = {isa = PBXBuildFile; fileRef = 6705B5E427815BA300793CB8 /* SearchInteractor.swift */; };
		6705B5EF27815C2F00793CB8 /* FavoritesRouter.swift in Sources */ = {isa = PBXBuildFile; fileRef = 6705B5EB27815C2F00793CB8 /* FavoritesRouter.swift */; };
		6705B5F027815C2F00793CB8 /* FavoritesViewController.swift in Sources */ = {isa = PBXBuildFile; fileRef = 6705B5EC27815C2F00793CB8 /* FavoritesViewController.swift */; };
		6705B5F127815C2F00793CB8 /* FavoritesBuilder.swift in Sources */ = {isa = PBXBuildFile; fileRef = 6705B5ED27815C2F00793CB8 /* FavoritesBuilder.swift */; };
		6705B5F227815C3000793CB8 /* FavoritesInteractor.swift in Sources */ = {isa = PBXBuildFile; fileRef = 6705B5EE27815C2F00793CB8 /* FavoritesInteractor.swift */; };
		6705B5F727815C7400793CB8 /* AccountRouter.swift in Sources */ = {isa = PBXBuildFile; fileRef = 6705B5F327815C7400793CB8 /* AccountRouter.swift */; };
		6705B5F827815C7400793CB8 /* AccountViewController.swift in Sources */ = {isa = PBXBuildFile; fileRef = 6705B5F427815C7400793CB8 /* AccountViewController.swift */; };
		6705B5F927815C7400793CB8 /* AccountBuilder.swift in Sources */ = {isa = PBXBuildFile; fileRef = 6705B5F527815C7400793CB8 /* AccountBuilder.swift */; };
		6705B5FA27815C7400793CB8 /* AccountInteractor.swift in Sources */ = {isa = PBXBuildFile; fileRef = 6705B5F627815C7400793CB8 /* AccountInteractor.swift */; };
		6705B61C2781DF3100793CB8 /* LoggedInViewController.swift in Sources */ = {isa = PBXBuildFile; fileRef = 6705B61B2781DF3100793CB8 /* LoggedInViewController.swift */; };
		6705B61E2782111D00793CB8 /* NavigationController.swift in Sources */ = {isa = PBXBuildFile; fileRef = 6705B61D2782111D00793CB8 /* NavigationController.swift */; };
		672B2FD72771A7580075F348 /* KeychainManager.swift in Sources */ = {isa = PBXBuildFile; fileRef = 672B2FD62771A7580075F348 /* KeychainManager.swift */; };
		672B2FDA2771A7A70075F348 /* KeychainError.swift in Sources */ = {isa = PBXBuildFile; fileRef = 672B2FD92771A7A70075F348 /* KeychainError.swift */; };
		672B2FDD2771A8080075F348 /* KeychainItem.swift in Sources */ = {isa = PBXBuildFile; fileRef = 672B2FDC2771A8080075F348 /* KeychainItem.swift */; };
		672B2FE02771B6420075F348 /* CredentialRepository.swift in Sources */ = {isa = PBXBuildFile; fileRef = 672B2FDF2771B6420075F348 /* CredentialRepository.swift */; };
		672B2FE22771B6820075F348 /* Credential.swift in Sources */ = {isa = PBXBuildFile; fileRef = 672B2FE12771B6820075F348 /* Credential.swift */; };
		672B2FE62771CFCF0075F348 /* LoginState.swift in Sources */ = {isa = PBXBuildFile; fileRef = 672B2FE52771CFCF0075F348 /* LoginState.swift */; };
		672B2FE82771D1810075F348 /* AppComponent.swift in Sources */ = {isa = PBXBuildFile; fileRef = 672B2FE72771D1810075F348 /* AppComponent.swift */; };
		672B2FF027749AA90075F348 /* RootRouter.swift in Sources */ = {isa = PBXBuildFile; fileRef = 672B2FEC27749AA90075F348 /* RootRouter.swift */; };
		672B2FF127749AA90075F348 /* RootViewController.swift in Sources */ = {isa = PBXBuildFile; fileRef = 672B2FED27749AA90075F348 /* RootViewController.swift */; };
		672B2FF227749AAA0075F348 /* RootBuilder.swift in Sources */ = {isa = PBXBuildFile; fileRef = 672B2FEE27749AA90075F348 /* RootBuilder.swift */; };
		672B2FF327749AAA0075F348 /* RootInteractor.swift in Sources */ = {isa = PBXBuildFile; fileRef = 672B2FEF27749AA90075F348 /* RootInteractor.swift */; };
		672F49E727AC99D000DACEF5 /* LabeledTagCollectionView.swift in Sources */ = {isa = PBXBuildFile; fileRef = 672F49E627AC99D000DACEF5 /* LabeledTagCollectionView.swift */; };
		672F49ED27AD1A8200DACEF5 /* SelectTagsRouter.swift in Sources */ = {isa = PBXBuildFile; fileRef = 672F49E927AD1A8200DACEF5 /* SelectTagsRouter.swift */; };
		672F49EE27AD1A8200DACEF5 /* SelectTagsViewController.swift in Sources */ = {isa = PBXBuildFile; fileRef = 672F49EA27AD1A8200DACEF5 /* SelectTagsViewController.swift */; };
		672F49EF27AD1A8200DACEF5 /* SelectTagsBuilder.swift in Sources */ = {isa = PBXBuildFile; fileRef = 672F49EB27AD1A8200DACEF5 /* SelectTagsBuilder.swift */; };
		672F49F027AD1A8200DACEF5 /* SelectTagsInteractor.swift in Sources */ = {isa = PBXBuildFile; fileRef = 672F49EC27AD1A8200DACEF5 /* SelectTagsInteractor.swift */; };
		672F49FA27AD6E2100DACEF5 /* SelectTagsTableViewCell.swift in Sources */ = {isa = PBXBuildFile; fileRef = 672F49F927AD6E2100DACEF5 /* SelectTagsTableViewCell.swift */; };
		6735714627A1961800C1136B /* BookmarkRouter.swift in Sources */ = {isa = PBXBuildFile; fileRef = 6735714327A1961800C1136B /* BookmarkRouter.swift */; };
		6735714727A1961800C1136B /* BookmarkBuilder.swift in Sources */ = {isa = PBXBuildFile; fileRef = 6735714427A1961800C1136B /* BookmarkBuilder.swift */; };
		6735714827A1961800C1136B /* BookmarkInteractor.swift in Sources */ = {isa = PBXBuildFile; fileRef = 6735714527A1961800C1136B /* BookmarkInteractor.swift */; };
		6735714E27A19B9F00C1136B /* BookmarkBrowserRouter.swift in Sources */ = {isa = PBXBuildFile; fileRef = 6735714A27A19B9F00C1136B /* BookmarkBrowserRouter.swift */; };
		6735714F27A19B9F00C1136B /* BookmarkBrowserViewController.swift in Sources */ = {isa = PBXBuildFile; fileRef = 6735714B27A19B9F00C1136B /* BookmarkBrowserViewController.swift */; };
		6735715027A19B9F00C1136B /* BookmarkBrowserBuilder.swift in Sources */ = {isa = PBXBuildFile; fileRef = 6735714C27A19B9F00C1136B /* BookmarkBrowserBuilder.swift */; };
		6735715127A19B9F00C1136B /* BookmarkBrowserInteractor.swift in Sources */ = {isa = PBXBuildFile; fileRef = 6735714D27A19B9F00C1136B /* BookmarkBrowserInteractor.swift */; };
		6736DE54278423BC003E7321 /* CloudKit.framework in Frameworks */ = {isa = PBXBuildFile; fileRef = 6736DE53278423BC003E7321 /* CloudKit.framework */; };
		6736DE5827843B38003E7321 /* PersistenceModel.xcdatamodeld in Sources */ = {isa = PBXBuildFile; fileRef = 6736DE5627843B38003E7321 /* PersistenceModel.xcdatamodeld */; };
		6736DE5C27843D38003E7321 /* TagEntity.swift in Sources */ = {isa = PBXBuildFile; fileRef = 6736DE5B27843D38003E7321 /* TagEntity.swift */; };
		67390780279DB6E900742772 /* Bookmark.swift in Sources */ = {isa = PBXBuildFile; fileRef = 6739077F279DB6E900742772 /* Bookmark.swift */; };
		67390782279DB72900742772 /* BookmarkTag.swift in Sources */ = {isa = PBXBuildFile; fileRef = 67390781279DB72900742772 /* BookmarkTag.swift */; };
		673A889F277B7E7600A89DC7 /* NotificationName.swift in Sources */ = {isa = PBXBuildFile; fileRef = 673A889E277B7E7600A89DC7 /* NotificationName.swift */; };
		673A88A2277BF2F100A89DC7 /* Localizable.strings in Resources */ = {isa = PBXBuildFile; fileRef = 673A88A4277BF2F100A89DC7 /* Localizable.strings */; };
		673A88A8277BF49E00A89DC7 /* String.swift in Sources */ = {isa = PBXBuildFile; fileRef = 673A88A7277BF49E00A89DC7 /* String.swift */; };
		673A88AD277BF64000A89DC7 /* LocalizedString.swift in Sources */ = {isa = PBXBuildFile; fileRef = 673A88AC277BF64000A89DC7 /* LocalizedString.swift */; };
		673A88B2277C05CD00A89DC7 /* Stream.swift in Sources */ = {isa = PBXBuildFile; fileRef = 673A88B1277C05CD00A89DC7 /* Stream.swift */; };
		673A88F2277E117F00A89DC7 /* RootInteractorTests.swift in Sources */ = {isa = PBXBuildFile; fileRef = 673A88F0277E117F00A89DC7 /* RootInteractorTests.swift */; };
		673A88F5277E11D800A89DC7 /* RootMock.swift in Sources */ = {isa = PBXBuildFile; fileRef = 673A88F4277E11D800A89DC7 /* RootMock.swift */; };
		673A88FC277E139F00A89DC7 /* ViewableRoutingMock.swift in Sources */ = {isa = PBXBuildFile; fileRef = 673A88FB277E139F00A89DC7 /* ViewableRoutingMock.swift */; };
		676AC7D127856F960047B95F /* PersistentContainer.swift in Sources */ = {isa = PBXBuildFile; fileRef = 676AC7D027856F960047B95F /* PersistentContainer.swift */; };
		676AC7D3278574AF0047B95F /* TagRepository.swift in Sources */ = {isa = PBXBuildFile; fileRef = 676AC7D2278574AF0047B95F /* TagRepository.swift */; };
		676AC7D5278579A60047B95F /* Tag.swift in Sources */ = {isa = PBXBuildFile; fileRef = 676AC7D4278579A60047B95F /* Tag.swift */; };
		676AC7DD2785E6620047B95F /* TagName.swift in Sources */ = {isa = PBXBuildFile; fileRef = 676AC7DC2785E6620047B95F /* TagName.swift */; };
		676AC7DF2785EEA80047B95F /* Array.swift in Sources */ = {isa = PBXBuildFile; fileRef = 676AC7DE2785EEA80047B95F /* Array.swift */; };
		676D1380278EC0CE003AA102 /* EnterTagRouter.swift in Sources */ = {isa = PBXBuildFile; fileRef = 676D137C278EC0CE003AA102 /* EnterTagRouter.swift */; };
		676D1381278EC0CE003AA102 /* EnterTagViewController.swift in Sources */ = {isa = PBXBuildFile; fileRef = 676D137D278EC0CE003AA102 /* EnterTagViewController.swift */; };
		676D1382278EC0CE003AA102 /* EnterTagBuilder.swift in Sources */ = {isa = PBXBuildFile; fileRef = 676D137E278EC0CE003AA102 /* EnterTagBuilder.swift */; };
		676D1383278EC0CE003AA102 /* EnterTagInteractor.swift in Sources */ = {isa = PBXBuildFile; fileRef = 676D137F278EC0CE003AA102 /* EnterTagInteractor.swift */; };
		676D139427902BB3003AA102 /* CountLimitTextField.swift in Sources */ = {isa = PBXBuildFile; fileRef = 676D139327902BB3003AA102 /* CountLimitTextField.swift */; };
		676D139627902BE0003AA102 /* TextField.swift in Sources */ = {isa = PBXBuildFile; fileRef = 676D139527902BE0003AA102 /* TextField.swift */; };
		676D1398279038BE003AA102 /* RoundedCornerButton.swift in Sources */ = {isa = PBXBuildFile; fileRef = 676D1397279038BE003AA102 /* RoundedCornerButton.swift */; };
		676D139C27917A94003AA102 /* EnterTagMode.swift in Sources */ = {isa = PBXBuildFile; fileRef = 676D139B27917A94003AA102 /* EnterTagMode.swift */; };
		676DF8802791CDD600267103 /* EditTagsRouter.swift in Sources */ = {isa = PBXBuildFile; fileRef = 676DF87C2791CDD600267103 /* EditTagsRouter.swift */; };
		676DF8812791CDD600267103 /* EditTagsViewController.swift in Sources */ = {isa = PBXBuildFile; fileRef = 676DF87D2791CDD600267103 /* EditTagsViewController.swift */; };
		676DF8822791CDD600267103 /* EditTagsBuilder.swift in Sources */ = {isa = PBXBuildFile; fileRef = 676DF87E2791CDD600267103 /* EditTagsBuilder.swift */; };
		676DF8832791CDD600267103 /* EditTagsInteractor.swift in Sources */ = {isa = PBXBuildFile; fileRef = 676DF87F2791CDD600267103 /* EditTagsInteractor.swift */; };
		67923BF82795711300B8E41E /* EditTagsTableView.swift in Sources */ = {isa = PBXBuildFile; fileRef = 67923BF72795711300B8E41E /* EditTagsTableView.swift */; };
		67923BFA2795715C00B8E41E /* EditTagsTableViewCell.swift in Sources */ = {isa = PBXBuildFile; fileRef = 67923BF92795715C00B8E41E /* EditTagsTableViewCell.swift */; };
		67923BFC2795C6BA00B8E41E /* Asset.swift in Sources */ = {isa = PBXBuildFile; fileRef = 67923BFB2795C6BA00B8E41E /* Asset.swift */; };
		67923BFE2795CA4C00B8E41E /* RoundedCornerView.swift in Sources */ = {isa = PBXBuildFile; fileRef = 67923BFD2795CA4C00B8E41E /* RoundedCornerView.swift */; };
		67A2A0C627A2468E0036C361 /* EnterBookmarkRouter.swift in Sources */ = {isa = PBXBuildFile; fileRef = 67A2A0C227A2468E0036C361 /* EnterBookmarkRouter.swift */; };
		67A2A0C727A2468E0036C361 /* EnterBookmarkViewController.swift in Sources */ = {isa = PBXBuildFile; fileRef = 67A2A0C327A2468E0036C361 /* EnterBookmarkViewController.swift */; };
		67A2A0C827A2468E0036C361 /* EnterBookmarkBuilder.swift in Sources */ = {isa = PBXBuildFile; fileRef = 67A2A0C427A2468E0036C361 /* EnterBookmarkBuilder.swift */; };
		67A2A0C927A2468E0036C361 /* EnterBookmarkInteractor.swift in Sources */ = {isa = PBXBuildFile; fileRef = 67A2A0C527A2468E0036C361 /* EnterBookmarkInteractor.swift */; };
		67A2AFAD277F509E00D3A28D /* ViewControllableMock.swift in Sources */ = {isa = PBXBuildFile; fileRef = 67A2AFAC277F509E00D3A28D /* ViewControllableMock.swift */; };
		67A763CE27ABD2F8002B34F4 /* BookmarkEntity+CoreDataProperties.swift in Sources */ = {isa = PBXBuildFile; fileRef = 67A763C827ABD2F7002B34F4 /* BookmarkEntity+CoreDataProperties.swift */; };
		67A763CF27ABD2F8002B34F4 /* BookmarkTagEntity+CoreDataClass.swift in Sources */ = {isa = PBXBuildFile; fileRef = 67A763C927ABD2F7002B34F4 /* BookmarkTagEntity+CoreDataClass.swift */; };
		67A763D027ABD2F8002B34F4 /* BookmarkTagEntity+CoreDataProperties.swift in Sources */ = {isa = PBXBuildFile; fileRef = 67A763CA27ABD2F7002B34F4 /* BookmarkTagEntity+CoreDataProperties.swift */; };
		67A763D127ABD2F8002B34F4 /* TagStorage+CoreDataClass.swift in Sources */ = {isa = PBXBuildFile; fileRef = 67A763CB27ABD2F7002B34F4 /* TagStorage+CoreDataClass.swift */; };
		67A763D227ABD2F8002B34F4 /* TagStorage+CoreDataProperties.swift in Sources */ = {isa = PBXBuildFile; fileRef = 67A763CC27ABD2F8002B34F4 /* TagStorage+CoreDataProperties.swift */; };
		67A763D327ABD2F8002B34F4 /* BookmarkEntity+CoreDataClass.swift in Sources */ = {isa = PBXBuildFile; fileRef = 67A763CD27ABD2F8002B34F4 /* BookmarkEntity+CoreDataClass.swift */; };
		67A763D527AC0CFC002B34F4 /* SheetHeaderView.swift in Sources */ = {isa = PBXBuildFile; fileRef = 67A763D427AC0CFC002B34F4 /* SheetHeaderView.swift */; };
		67BDEA292774C7E70031FEC1 /* LoggedOutRouter.swift in Sources */ = {isa = PBXBuildFile; fileRef = 67BDEA252774C7E70031FEC1 /* LoggedOutRouter.swift */; };
		67BDEA2A2774C7E70031FEC1 /* LoggedOutViewController.swift in Sources */ = {isa = PBXBuildFile; fileRef = 67BDEA262774C7E70031FEC1 /* LoggedOutViewController.swift */; };
		67BDEA2B2774C7E70031FEC1 /* LoggedOutBuilder.swift in Sources */ = {isa = PBXBuildFile; fileRef = 67BDEA272774C7E70031FEC1 /* LoggedOutBuilder.swift */; };
		67BDEA2C2774C7E70031FEC1 /* LoggedOutInteractor.swift in Sources */ = {isa = PBXBuildFile; fileRef = 67BDEA282774C7E70031FEC1 /* LoggedOutInteractor.swift */; };
		67BDEA312774C81F0031FEC1 /* LoggedInRouter.swift in Sources */ = {isa = PBXBuildFile; fileRef = 67BDEA2E2774C81F0031FEC1 /* LoggedInRouter.swift */; };
		67BDEA322774C81F0031FEC1 /* LoggedInBuilder.swift in Sources */ = {isa = PBXBuildFile; fileRef = 67BDEA2F2774C81F0031FEC1 /* LoggedInBuilder.swift */; };
		67BDEA332774C81F0031FEC1 /* LoggedInInteractor.swift in Sources */ = {isa = PBXBuildFile; fileRef = 67BDEA302774C81F0031FEC1 /* LoggedInInteractor.swift */; };
		67BDEA352774CD210031FEC1 /* ViewControllable.swift in Sources */ = {isa = PBXBuildFile; fileRef = 67BDEA342774CD210031FEC1 /* ViewControllable.swift */; };
		67BDEA37277764CA0031FEC1 /* AutoLayout.swift in Sources */ = {isa = PBXBuildFile; fileRef = 67BDEA36277764CA0031FEC1 /* AutoLayout.swift */; };
		67BDEA3B277786C80031FEC1 /* Convertible.swift in Sources */ = {isa = PBXBuildFile; fileRef = 67BDEA3A277786C80031FEC1 /* Convertible.swift */; };
		67CB5B1027B0A50900DE2582 /* LabeledView.swift in Sources */ = {isa = PBXBuildFile; fileRef = 67CB5B0F27B0A50900DE2582 /* LabeledView.swift */; };
		67CB5B1227B0AE6B00DE2582 /* LeftAlignmentCollectionViewFlowLayout.swift in Sources */ = {isa = PBXBuildFile; fileRef = 67CB5B1127B0AE6B00DE2582 /* LeftAlignmentCollectionViewFlowLayout.swift */; };
		67CB5B1427B0AFAA00DE2582 /* LabeledTagCollectionViewCell.swift in Sources */ = {isa = PBXBuildFile; fileRef = 67CB5B1327B0AFAA00DE2582 /* LabeledTagCollectionViewCell.swift */; };
		67CB5B1727B119F700DE2582 /* LeftAlignmentCollectionView.swift in Sources */ = {isa = PBXBuildFile; fileRef = 67CB5B1627B119F700DE2582 /* LeftAlignmentCollectionView.swift */; };
		67CE08AF278827BC006C25C1 /* TagRouter.swift in Sources */ = {isa = PBXBuildFile; fileRef = 67CE08AC278827BC006C25C1 /* TagRouter.swift */; };
		67CE08B0278827BC006C25C1 /* TagBuilder.swift in Sources */ = {isa = PBXBuildFile; fileRef = 67CE08AD278827BC006C25C1 /* TagBuilder.swift */; };
		67CE08B1278827BC006C25C1 /* TagInteractor.swift in Sources */ = {isa = PBXBuildFile; fileRef = 67CE08AE278827BC006C25C1 /* TagInteractor.swift */; };
		67CE08B727887303006C25C1 /* TagBarRouter.swift in Sources */ = {isa = PBXBuildFile; fileRef = 67CE08B327887303006C25C1 /* TagBarRouter.swift */; };
		67CE08B827887303006C25C1 /* TagBarViewController.swift in Sources */ = {isa = PBXBuildFile; fileRef = 67CE08B427887303006C25C1 /* TagBarViewController.swift */; };
		67CE08B927887303006C25C1 /* TagBarBuilder.swift in Sources */ = {isa = PBXBuildFile; fileRef = 67CE08B527887303006C25C1 /* TagBarBuilder.swift */; };
		67CE08BA27887303006C25C1 /* TagBarInteractor.swift in Sources */ = {isa = PBXBuildFile; fileRef = 67CE08B627887303006C25C1 /* TagBarInteractor.swift */; };
		67CE08DF2789845F006C25C1 /* TagBarCollectionViewCell.swift in Sources */ = {isa = PBXBuildFile; fileRef = 67CE08DE2789845F006C25C1 /* TagBarCollectionViewCell.swift */; };
		67CE08E12789D152006C25C1 /* TagStorageTransformer.swift in Sources */ = {isa = PBXBuildFile; fileRef = 67CE08E02789D152006C25C1 /* TagStorageTransformer.swift */; };
		67CE08E52789ED7A006C25C1 /* ReusableView.swift in Sources */ = {isa = PBXBuildFile; fileRef = 67CE08E42789ED7A006C25C1 /* ReusableView.swift */; };
		67CE08E72789F1C4006C25C1 /* UIView.swift in Sources */ = {isa = PBXBuildFile; fileRef = 67CE08E62789F1C4006C25C1 /* UIView.swift */; };
		67CE08ED278B4B0D006C25C1 /* TagSettingsRouter.swift in Sources */ = {isa = PBXBuildFile; fileRef = 67CE08E9278B4B0D006C25C1 /* TagSettingsRouter.swift */; };
		67CE08EE278B4B0D006C25C1 /* TagSettingsViewController.swift in Sources */ = {isa = PBXBuildFile; fileRef = 67CE08EA278B4B0D006C25C1 /* TagSettingsViewController.swift */; };
		67CE08EF278B4B0D006C25C1 /* TagSettingsBuilder.swift in Sources */ = {isa = PBXBuildFile; fileRef = 67CE08EB278B4B0D006C25C1 /* TagSettingsBuilder.swift */; };
		67CE08F0278B4B0D006C25C1 /* TagSettingsInteractor.swift in Sources */ = {isa = PBXBuildFile; fileRef = 67CE08EC278B4B0D006C25C1 /* TagSettingsInteractor.swift */; };
		67CE08F3278C22BC006C25C1 /* TagSettingsTableViewCell.swift in Sources */ = {isa = PBXBuildFile; fileRef = 67CE08F2278C22BC006C25C1 /* TagSettingsTableViewCell.swift */; };
		67DB1FF827B55FD40045D301 /* SearchBar.swift in Sources */ = {isa = PBXBuildFile; fileRef = 67DB1FF727B55FD40045D301 /* SearchBar.swift */; };
		67EDC91827717476003F646F /* AppDelegate.swift in Sources */ = {isa = PBXBuildFile; fileRef = 67EDC91727717476003F646F /* AppDelegate.swift */; };
		67EDC92127717477003F646F /* Assets.xcassets in Resources */ = {isa = PBXBuildFile; fileRef = 67EDC92027717477003F646F /* Assets.xcassets */; };
		67EDC92427717477003F646F /* LaunchScreen.storyboard in Resources */ = {isa = PBXBuildFile; fileRef = 67EDC92227717477003F646F /* LaunchScreen.storyboard */; };
		67F21B58277FE3F900C1E985 /* AppDelegateTests.swift in Sources */ = {isa = PBXBuildFile; fileRef = 67F21B57277FE3F900C1E985 /* AppDelegateTests.swift */; };
		67F21B5A277FFCB200C1E985 /* AppMock.swift in Sources */ = {isa = PBXBuildFile; fileRef = 67F21B59277FFCB200C1E985 /* AppMock.swift */; };
		67F54A9C27B731F200868E93 /* SearchTagsRouter.swift in Sources */ = {isa = PBXBuildFile; fileRef = 67F54A9827B731F200868E93 /* SearchTagsRouter.swift */; };
		67F54A9D27B731F200868E93 /* SearchTagsViewController.swift in Sources */ = {isa = PBXBuildFile; fileRef = 67F54A9927B731F200868E93 /* SearchTagsViewController.swift */; };
		67F54A9E27B731F200868E93 /* SearchTagsBuilder.swift in Sources */ = {isa = PBXBuildFile; fileRef = 67F54A9A27B731F200868E93 /* SearchTagsBuilder.swift */; };
		67F54A9F27B731F200868E93 /* SearchTagsInteractor.swift in Sources */ = {isa = PBXBuildFile; fileRef = 67F54A9B27B731F200868E93 /* SearchTagsInteractor.swift */; };
		67F54AA227B747F900868E93 /* SearchTagsTableViewCell.swift in Sources */ = {isa = PBXBuildFile; fileRef = 67F54AA127B747F900868E93 /* SearchTagsTableViewCell.swift */; };
		67F54AA427B9D4E700868E93 /* AlertController.swift in Sources */ = {isa = PBXBuildFile; fileRef = 67F54AA327B9D4E700868E93 /* AlertController.swift */; };
		67F54AA827B9E81800868E93 /* AlertAction.swift in Sources */ = {isa = PBXBuildFile; fileRef = 67F54AA727B9E81800868E93 /* AlertAction.swift */; };
		67F6923C279D0BB500AFFA0B /* BookmarkRepository.swift in Sources */ = {isa = PBXBuildFile; fileRef = 67F6923B279D0BB500AFFA0B /* BookmarkRepository.swift */; };
/* End PBXBuildFile section */

/* Begin PBXContainerItemProxy section */
		670FF4D127799B4E00F4E64D /* PBXContainerItemProxy */ = {
			isa = PBXContainerItemProxy;
			containerPortal = 67EDC90C27717476003F646F /* Project object */;
			proxyType = 1;
			remoteGlobalIDString = 67EDC91327717476003F646F;
			remoteInfo = Hook;
		};
/* End PBXContainerItemProxy section */

/* Begin PBXFileReference section */
		04DE1CB86686785A1309BB23 /* Pods-Hook.release.xcconfig */ = {isa = PBXFileReference; includeInIndex = 1; lastKnownFileType = text.xcconfig; name = "Pods-Hook.release.xcconfig"; path = "Target Support Files/Pods-Hook/Pods-Hook.release.xcconfig"; sourceTree = "<group>"; };
		4AB2B7D53C87E2167FFAE354 /* Pods-HookTests.debug.xcconfig */ = {isa = PBXFileReference; includeInIndex = 1; lastKnownFileType = text.xcconfig; name = "Pods-HookTests.debug.xcconfig"; path = "Target Support Files/Pods-HookTests/Pods-HookTests.debug.xcconfig"; sourceTree = "<group>"; };
		5E4130F480F622AAD23E6D8E /* libPods-Hook.a */ = {isa = PBXFileReference; explicitFileType = archive.ar; includeInIndex = 0; path = "libPods-Hook.a"; sourceTree = BUILT_PRODUCTS_DIR; };
		6705B5D927815B3F00793CB8 /* BrowseRouter.swift */ = {isa = PBXFileReference; lastKnownFileType = sourcecode.swift; path = BrowseRouter.swift; sourceTree = "<group>"; };
		6705B5DA27815B3F00793CB8 /* BrowseViewController.swift */ = {isa = PBXFileReference; lastKnownFileType = sourcecode.swift; path = BrowseViewController.swift; sourceTree = "<group>"; };
		6705B5DB27815B3F00793CB8 /* BrowseBuilder.swift */ = {isa = PBXFileReference; lastKnownFileType = sourcecode.swift; path = BrowseBuilder.swift; sourceTree = "<group>"; };
		6705B5DC27815B3F00793CB8 /* BrowseInteractor.swift */ = {isa = PBXFileReference; lastKnownFileType = sourcecode.swift; path = BrowseInteractor.swift; sourceTree = "<group>"; };
		6705B5E127815BA300793CB8 /* SearchRouter.swift */ = {isa = PBXFileReference; lastKnownFileType = sourcecode.swift; path = SearchRouter.swift; sourceTree = "<group>"; };
		6705B5E227815BA300793CB8 /* SearchViewController.swift */ = {isa = PBXFileReference; lastKnownFileType = sourcecode.swift; path = SearchViewController.swift; sourceTree = "<group>"; };
		6705B5E327815BA300793CB8 /* SearchBuilder.swift */ = {isa = PBXFileReference; lastKnownFileType = sourcecode.swift; path = SearchBuilder.swift; sourceTree = "<group>"; };
		6705B5E427815BA300793CB8 /* SearchInteractor.swift */ = {isa = PBXFileReference; lastKnownFileType = sourcecode.swift; path = SearchInteractor.swift; sourceTree = "<group>"; };
		6705B5EB27815C2F00793CB8 /* FavoritesRouter.swift */ = {isa = PBXFileReference; lastKnownFileType = sourcecode.swift; path = FavoritesRouter.swift; sourceTree = "<group>"; };
		6705B5EC27815C2F00793CB8 /* FavoritesViewController.swift */ = {isa = PBXFileReference; lastKnownFileType = sourcecode.swift; path = FavoritesViewController.swift; sourceTree = "<group>"; };
		6705B5ED27815C2F00793CB8 /* FavoritesBuilder.swift */ = {isa = PBXFileReference; lastKnownFileType = sourcecode.swift; path = FavoritesBuilder.swift; sourceTree = "<group>"; };
		6705B5EE27815C2F00793CB8 /* FavoritesInteractor.swift */ = {isa = PBXFileReference; lastKnownFileType = sourcecode.swift; path = FavoritesInteractor.swift; sourceTree = "<group>"; };
		6705B5F327815C7400793CB8 /* AccountRouter.swift */ = {isa = PBXFileReference; lastKnownFileType = sourcecode.swift; path = AccountRouter.swift; sourceTree = "<group>"; };
		6705B5F427815C7400793CB8 /* AccountViewController.swift */ = {isa = PBXFileReference; lastKnownFileType = sourcecode.swift; path = AccountViewController.swift; sourceTree = "<group>"; };
		6705B5F527815C7400793CB8 /* AccountBuilder.swift */ = {isa = PBXFileReference; lastKnownFileType = sourcecode.swift; path = AccountBuilder.swift; sourceTree = "<group>"; };
		6705B5F627815C7400793CB8 /* AccountInteractor.swift */ = {isa = PBXFileReference; lastKnownFileType = sourcecode.swift; path = AccountInteractor.swift; sourceTree = "<group>"; };
		6705B61B2781DF3100793CB8 /* LoggedInViewController.swift */ = {isa = PBXFileReference; lastKnownFileType = sourcecode.swift; path = LoggedInViewController.swift; sourceTree = "<group>"; };
		6705B61D2782111D00793CB8 /* NavigationController.swift */ = {isa = PBXFileReference; lastKnownFileType = sourcecode.swift; path = NavigationController.swift; sourceTree = "<group>"; };
		670FF4CD27799B4E00F4E64D /* HookTests.xctest */ = {isa = PBXFileReference; explicitFileType = wrapper.cfbundle; includeInIndex = 0; path = HookTests.xctest; sourceTree = BUILT_PRODUCTS_DIR; };
		672B2FD62771A7580075F348 /* KeychainManager.swift */ = {isa = PBXFileReference; lastKnownFileType = sourcecode.swift; path = KeychainManager.swift; sourceTree = "<group>"; };
		672B2FD92771A7A70075F348 /* KeychainError.swift */ = {isa = PBXFileReference; lastKnownFileType = sourcecode.swift; path = KeychainError.swift; sourceTree = "<group>"; };
		672B2FDC2771A8080075F348 /* KeychainItem.swift */ = {isa = PBXFileReference; lastKnownFileType = sourcecode.swift; path = KeychainItem.swift; sourceTree = "<group>"; };
		672B2FDF2771B6420075F348 /* CredentialRepository.swift */ = {isa = PBXFileReference; lastKnownFileType = sourcecode.swift; path = CredentialRepository.swift; sourceTree = "<group>"; };
		672B2FE12771B6820075F348 /* Credential.swift */ = {isa = PBXFileReference; lastKnownFileType = sourcecode.swift; path = Credential.swift; sourceTree = "<group>"; };
		672B2FE52771CFCF0075F348 /* LoginState.swift */ = {isa = PBXFileReference; lastKnownFileType = sourcecode.swift; path = LoginState.swift; sourceTree = "<group>"; };
		672B2FE72771D1810075F348 /* AppComponent.swift */ = {isa = PBXFileReference; lastKnownFileType = sourcecode.swift; path = AppComponent.swift; sourceTree = "<group>"; };
		672B2FEC27749AA90075F348 /* RootRouter.swift */ = {isa = PBXFileReference; lastKnownFileType = sourcecode.swift; path = RootRouter.swift; sourceTree = "<group>"; };
		672B2FED27749AA90075F348 /* RootViewController.swift */ = {isa = PBXFileReference; lastKnownFileType = sourcecode.swift; path = RootViewController.swift; sourceTree = "<group>"; };
		672B2FEE27749AA90075F348 /* RootBuilder.swift */ = {isa = PBXFileReference; lastKnownFileType = sourcecode.swift; path = RootBuilder.swift; sourceTree = "<group>"; };
		672B2FEF27749AA90075F348 /* RootInteractor.swift */ = {isa = PBXFileReference; lastKnownFileType = sourcecode.swift; path = RootInteractor.swift; sourceTree = "<group>"; };
		672F49E627AC99D000DACEF5 /* LabeledTagCollectionView.swift */ = {isa = PBXFileReference; lastKnownFileType = sourcecode.swift; path = LabeledTagCollectionView.swift; sourceTree = "<group>"; };
		672F49E927AD1A8200DACEF5 /* SelectTagsRouter.swift */ = {isa = PBXFileReference; lastKnownFileType = sourcecode.swift; path = SelectTagsRouter.swift; sourceTree = "<group>"; };
		672F49EA27AD1A8200DACEF5 /* SelectTagsViewController.swift */ = {isa = PBXFileReference; lastKnownFileType = sourcecode.swift; path = SelectTagsViewController.swift; sourceTree = "<group>"; };
		672F49EB27AD1A8200DACEF5 /* SelectTagsBuilder.swift */ = {isa = PBXFileReference; lastKnownFileType = sourcecode.swift; path = SelectTagsBuilder.swift; sourceTree = "<group>"; };
		672F49EC27AD1A8200DACEF5 /* SelectTagsInteractor.swift */ = {isa = PBXFileReference; lastKnownFileType = sourcecode.swift; path = SelectTagsInteractor.swift; sourceTree = "<group>"; };
		672F49F927AD6E2100DACEF5 /* SelectTagsTableViewCell.swift */ = {isa = PBXFileReference; lastKnownFileType = sourcecode.swift; path = SelectTagsTableViewCell.swift; sourceTree = "<group>"; };
		6735714327A1961800C1136B /* BookmarkRouter.swift */ = {isa = PBXFileReference; lastKnownFileType = sourcecode.swift; path = BookmarkRouter.swift; sourceTree = "<group>"; };
		6735714427A1961800C1136B /* BookmarkBuilder.swift */ = {isa = PBXFileReference; lastKnownFileType = sourcecode.swift; path = BookmarkBuilder.swift; sourceTree = "<group>"; };
		6735714527A1961800C1136B /* BookmarkInteractor.swift */ = {isa = PBXFileReference; lastKnownFileType = sourcecode.swift; path = BookmarkInteractor.swift; sourceTree = "<group>"; };
		6735714A27A19B9F00C1136B /* BookmarkBrowserRouter.swift */ = {isa = PBXFileReference; lastKnownFileType = sourcecode.swift; path = BookmarkBrowserRouter.swift; sourceTree = "<group>"; };
		6735714B27A19B9F00C1136B /* BookmarkBrowserViewController.swift */ = {isa = PBXFileReference; lastKnownFileType = sourcecode.swift; path = BookmarkBrowserViewController.swift; sourceTree = "<group>"; };
		6735714C27A19B9F00C1136B /* BookmarkBrowserBuilder.swift */ = {isa = PBXFileReference; lastKnownFileType = sourcecode.swift; path = BookmarkBrowserBuilder.swift; sourceTree = "<group>"; };
		6735714D27A19B9F00C1136B /* BookmarkBrowserInteractor.swift */ = {isa = PBXFileReference; lastKnownFileType = sourcecode.swift; path = BookmarkBrowserInteractor.swift; sourceTree = "<group>"; };
		6736DE53278423BC003E7321 /* CloudKit.framework */ = {isa = PBXFileReference; lastKnownFileType = wrapper.framework; name = CloudKit.framework; path = System/Library/Frameworks/CloudKit.framework; sourceTree = SDKROOT; };
		6736DE5727843B38003E7321 /* PersistenceModel.xcdatamodel */ = {isa = PBXFileReference; lastKnownFileType = wrapper.xcdatamodel; path = PersistenceModel.xcdatamodel; sourceTree = "<group>"; };
		6736DE5B27843D38003E7321 /* TagEntity.swift */ = {isa = PBXFileReference; lastKnownFileType = sourcecode.swift; path = TagEntity.swift; sourceTree = "<group>"; };
		6739077F279DB6E900742772 /* Bookmark.swift */ = {isa = PBXFileReference; lastKnownFileType = sourcecode.swift; path = Bookmark.swift; sourceTree = "<group>"; };
		67390781279DB72900742772 /* BookmarkTag.swift */ = {isa = PBXFileReference; lastKnownFileType = sourcecode.swift; path = BookmarkTag.swift; sourceTree = "<group>"; };
		673A889E277B7E7600A89DC7 /* NotificationName.swift */ = {isa = PBXFileReference; lastKnownFileType = sourcecode.swift; path = NotificationName.swift; sourceTree = "<group>"; };
		673A88A3277BF2F100A89DC7 /* en */ = {isa = PBXFileReference; lastKnownFileType = text.plist.strings; name = en; path = en.lproj/Localizable.strings; sourceTree = "<group>"; };
		673A88A5277BF33B00A89DC7 /* ko */ = {isa = PBXFileReference; lastKnownFileType = text.plist.strings; name = ko; path = ko.lproj/LaunchScreen.strings; sourceTree = "<group>"; };
		673A88A6277BF33B00A89DC7 /* ko */ = {isa = PBXFileReference; lastKnownFileType = text.plist.strings; name = ko; path = ko.lproj/Localizable.strings; sourceTree = "<group>"; };
		673A88A7277BF49E00A89DC7 /* String.swift */ = {isa = PBXFileReference; lastKnownFileType = sourcecode.swift; path = String.swift; sourceTree = "<group>"; };
		673A88AC277BF64000A89DC7 /* LocalizedString.swift */ = {isa = PBXFileReference; lastKnownFileType = sourcecode.swift; path = LocalizedString.swift; sourceTree = "<group>"; };
		673A88B1277C05CD00A89DC7 /* Stream.swift */ = {isa = PBXFileReference; lastKnownFileType = sourcecode.swift; path = Stream.swift; sourceTree = "<group>"; };
		673A88F0277E117F00A89DC7 /* RootInteractorTests.swift */ = {isa = PBXFileReference; lastKnownFileType = sourcecode.swift; path = RootInteractorTests.swift; sourceTree = "<group>"; };
		673A88F4277E11D800A89DC7 /* RootMock.swift */ = {isa = PBXFileReference; lastKnownFileType = sourcecode.swift; path = RootMock.swift; sourceTree = "<group>"; };
		673A88FB277E139F00A89DC7 /* ViewableRoutingMock.swift */ = {isa = PBXFileReference; lastKnownFileType = sourcecode.swift; path = ViewableRoutingMock.swift; sourceTree = "<group>"; };
		676AC7D027856F960047B95F /* PersistentContainer.swift */ = {isa = PBXFileReference; lastKnownFileType = sourcecode.swift; path = PersistentContainer.swift; sourceTree = "<group>"; };
		676AC7D2278574AF0047B95F /* TagRepository.swift */ = {isa = PBXFileReference; lastKnownFileType = sourcecode.swift; path = TagRepository.swift; sourceTree = "<group>"; };
		676AC7D4278579A60047B95F /* Tag.swift */ = {isa = PBXFileReference; lastKnownFileType = sourcecode.swift; path = Tag.swift; sourceTree = "<group>"; };
		676AC7DC2785E6620047B95F /* TagName.swift */ = {isa = PBXFileReference; lastKnownFileType = sourcecode.swift; path = TagName.swift; sourceTree = "<group>"; };
		676AC7DE2785EEA80047B95F /* Array.swift */ = {isa = PBXFileReference; lastKnownFileType = sourcecode.swift; path = Array.swift; sourceTree = "<group>"; };
		676D137C278EC0CE003AA102 /* EnterTagRouter.swift */ = {isa = PBXFileReference; lastKnownFileType = sourcecode.swift; path = EnterTagRouter.swift; sourceTree = "<group>"; };
		676D137D278EC0CE003AA102 /* EnterTagViewController.swift */ = {isa = PBXFileReference; lastKnownFileType = sourcecode.swift; path = EnterTagViewController.swift; sourceTree = "<group>"; };
		676D137E278EC0CE003AA102 /* EnterTagBuilder.swift */ = {isa = PBXFileReference; lastKnownFileType = sourcecode.swift; path = EnterTagBuilder.swift; sourceTree = "<group>"; };
		676D137F278EC0CE003AA102 /* EnterTagInteractor.swift */ = {isa = PBXFileReference; lastKnownFileType = sourcecode.swift; path = EnterTagInteractor.swift; sourceTree = "<group>"; };
		676D139327902BB3003AA102 /* CountLimitTextField.swift */ = {isa = PBXFileReference; lastKnownFileType = sourcecode.swift; path = CountLimitTextField.swift; sourceTree = "<group>"; };
		676D139527902BE0003AA102 /* TextField.swift */ = {isa = PBXFileReference; lastKnownFileType = sourcecode.swift; path = TextField.swift; sourceTree = "<group>"; };
		676D1397279038BE003AA102 /* RoundedCornerButton.swift */ = {isa = PBXFileReference; lastKnownFileType = sourcecode.swift; path = RoundedCornerButton.swift; sourceTree = "<group>"; };
		676D139B27917A94003AA102 /* EnterTagMode.swift */ = {isa = PBXFileReference; lastKnownFileType = sourcecode.swift; path = EnterTagMode.swift; sourceTree = "<group>"; };
		676DF87C2791CDD600267103 /* EditTagsRouter.swift */ = {isa = PBXFileReference; lastKnownFileType = sourcecode.swift; path = EditTagsRouter.swift; sourceTree = "<group>"; };
		676DF87D2791CDD600267103 /* EditTagsViewController.swift */ = {isa = PBXFileReference; lastKnownFileType = sourcecode.swift; path = EditTagsViewController.swift; sourceTree = "<group>"; };
		676DF87E2791CDD600267103 /* EditTagsBuilder.swift */ = {isa = PBXFileReference; lastKnownFileType = sourcecode.swift; path = EditTagsBuilder.swift; sourceTree = "<group>"; };
		676DF87F2791CDD600267103 /* EditTagsInteractor.swift */ = {isa = PBXFileReference; lastKnownFileType = sourcecode.swift; path = EditTagsInteractor.swift; sourceTree = "<group>"; };
		67923BF72795711300B8E41E /* EditTagsTableView.swift */ = {isa = PBXFileReference; lastKnownFileType = sourcecode.swift; path = EditTagsTableView.swift; sourceTree = "<group>"; };
		67923BF92795715C00B8E41E /* EditTagsTableViewCell.swift */ = {isa = PBXFileReference; lastKnownFileType = sourcecode.swift; path = EditTagsTableViewCell.swift; sourceTree = "<group>"; };
		67923BFB2795C6BA00B8E41E /* Asset.swift */ = {isa = PBXFileReference; lastKnownFileType = sourcecode.swift; path = Asset.swift; sourceTree = "<group>"; };
		67923BFD2795CA4C00B8E41E /* RoundedCornerView.swift */ = {isa = PBXFileReference; lastKnownFileType = sourcecode.swift; path = RoundedCornerView.swift; sourceTree = "<group>"; };
		67A2A0C227A2468E0036C361 /* EnterBookmarkRouter.swift */ = {isa = PBXFileReference; lastKnownFileType = sourcecode.swift; path = EnterBookmarkRouter.swift; sourceTree = "<group>"; };
		67A2A0C327A2468E0036C361 /* EnterBookmarkViewController.swift */ = {isa = PBXFileReference; lastKnownFileType = sourcecode.swift; path = EnterBookmarkViewController.swift; sourceTree = "<group>"; };
		67A2A0C427A2468E0036C361 /* EnterBookmarkBuilder.swift */ = {isa = PBXFileReference; lastKnownFileType = sourcecode.swift; path = EnterBookmarkBuilder.swift; sourceTree = "<group>"; };
		67A2A0C527A2468E0036C361 /* EnterBookmarkInteractor.swift */ = {isa = PBXFileReference; lastKnownFileType = sourcecode.swift; path = EnterBookmarkInteractor.swift; sourceTree = "<group>"; };
		67A2AFAC277F509E00D3A28D /* ViewControllableMock.swift */ = {isa = PBXFileReference; lastKnownFileType = sourcecode.swift; path = ViewControllableMock.swift; sourceTree = "<group>"; };
		67A763C827ABD2F7002B34F4 /* BookmarkEntity+CoreDataProperties.swift */ = {isa = PBXFileReference; fileEncoding = 4; lastKnownFileType = sourcecode.swift; path = "BookmarkEntity+CoreDataProperties.swift"; sourceTree = "<group>"; };
		67A763C927ABD2F7002B34F4 /* BookmarkTagEntity+CoreDataClass.swift */ = {isa = PBXFileReference; fileEncoding = 4; lastKnownFileType = sourcecode.swift; path = "BookmarkTagEntity+CoreDataClass.swift"; sourceTree = "<group>"; };
		67A763CA27ABD2F7002B34F4 /* BookmarkTagEntity+CoreDataProperties.swift */ = {isa = PBXFileReference; fileEncoding = 4; lastKnownFileType = sourcecode.swift; path = "BookmarkTagEntity+CoreDataProperties.swift"; sourceTree = "<group>"; };
		67A763CB27ABD2F7002B34F4 /* TagStorage+CoreDataClass.swift */ = {isa = PBXFileReference; fileEncoding = 4; lastKnownFileType = sourcecode.swift; path = "TagStorage+CoreDataClass.swift"; sourceTree = "<group>"; };
		67A763CC27ABD2F8002B34F4 /* TagStorage+CoreDataProperties.swift */ = {isa = PBXFileReference; fileEncoding = 4; lastKnownFileType = sourcecode.swift; path = "TagStorage+CoreDataProperties.swift"; sourceTree = "<group>"; };
		67A763CD27ABD2F8002B34F4 /* BookmarkEntity+CoreDataClass.swift */ = {isa = PBXFileReference; fileEncoding = 4; lastKnownFileType = sourcecode.swift; path = "BookmarkEntity+CoreDataClass.swift"; sourceTree = "<group>"; };
		67A763D427AC0CFC002B34F4 /* SheetHeaderView.swift */ = {isa = PBXFileReference; lastKnownFileType = sourcecode.swift; path = SheetHeaderView.swift; sourceTree = "<group>"; };
		67BDEA252774C7E70031FEC1 /* LoggedOutRouter.swift */ = {isa = PBXFileReference; lastKnownFileType = sourcecode.swift; path = LoggedOutRouter.swift; sourceTree = "<group>"; };
		67BDEA262774C7E70031FEC1 /* LoggedOutViewController.swift */ = {isa = PBXFileReference; lastKnownFileType = sourcecode.swift; path = LoggedOutViewController.swift; sourceTree = "<group>"; };
		67BDEA272774C7E70031FEC1 /* LoggedOutBuilder.swift */ = {isa = PBXFileReference; lastKnownFileType = sourcecode.swift; path = LoggedOutBuilder.swift; sourceTree = "<group>"; };
		67BDEA282774C7E70031FEC1 /* LoggedOutInteractor.swift */ = {isa = PBXFileReference; lastKnownFileType = sourcecode.swift; path = LoggedOutInteractor.swift; sourceTree = "<group>"; };
		67BDEA2E2774C81F0031FEC1 /* LoggedInRouter.swift */ = {isa = PBXFileReference; lastKnownFileType = sourcecode.swift; path = LoggedInRouter.swift; sourceTree = "<group>"; };
		67BDEA2F2774C81F0031FEC1 /* LoggedInBuilder.swift */ = {isa = PBXFileReference; lastKnownFileType = sourcecode.swift; path = LoggedInBuilder.swift; sourceTree = "<group>"; };
		67BDEA302774C81F0031FEC1 /* LoggedInInteractor.swift */ = {isa = PBXFileReference; lastKnownFileType = sourcecode.swift; path = LoggedInInteractor.swift; sourceTree = "<group>"; };
		67BDEA342774CD210031FEC1 /* ViewControllable.swift */ = {isa = PBXFileReference; lastKnownFileType = sourcecode.swift; path = ViewControllable.swift; sourceTree = "<group>"; };
		67BDEA36277764CA0031FEC1 /* AutoLayout.swift */ = {isa = PBXFileReference; lastKnownFileType = sourcecode.swift; path = AutoLayout.swift; sourceTree = "<group>"; };
		67BDEA3A277786C80031FEC1 /* Convertible.swift */ = {isa = PBXFileReference; lastKnownFileType = sourcecode.swift; path = Convertible.swift; sourceTree = "<group>"; };
		67BDEA3C27783E960031FEC1 /* Hook.entitlements */ = {isa = PBXFileReference; lastKnownFileType = text.plist.entitlements; path = Hook.entitlements; sourceTree = "<group>"; };
		67CB5B0F27B0A50900DE2582 /* LabeledView.swift */ = {isa = PBXFileReference; lastKnownFileType = sourcecode.swift; path = LabeledView.swift; sourceTree = "<group>"; };
		67CB5B1127B0AE6B00DE2582 /* LeftAlignmentCollectionViewFlowLayout.swift */ = {isa = PBXFileReference; lastKnownFileType = sourcecode.swift; path = LeftAlignmentCollectionViewFlowLayout.swift; sourceTree = "<group>"; };
		67CB5B1327B0AFAA00DE2582 /* LabeledTagCollectionViewCell.swift */ = {isa = PBXFileReference; lastKnownFileType = sourcecode.swift; path = LabeledTagCollectionViewCell.swift; sourceTree = "<group>"; };
		67CB5B1627B119F700DE2582 /* LeftAlignmentCollectionView.swift */ = {isa = PBXFileReference; lastKnownFileType = sourcecode.swift; path = LeftAlignmentCollectionView.swift; sourceTree = "<group>"; };
		67CE08AC278827BC006C25C1 /* TagRouter.swift */ = {isa = PBXFileReference; lastKnownFileType = sourcecode.swift; path = TagRouter.swift; sourceTree = "<group>"; };
		67CE08AD278827BC006C25C1 /* TagBuilder.swift */ = {isa = PBXFileReference; lastKnownFileType = sourcecode.swift; path = TagBuilder.swift; sourceTree = "<group>"; };
		67CE08AE278827BC006C25C1 /* TagInteractor.swift */ = {isa = PBXFileReference; lastKnownFileType = sourcecode.swift; path = TagInteractor.swift; sourceTree = "<group>"; };
		67CE08B327887303006C25C1 /* TagBarRouter.swift */ = {isa = PBXFileReference; lastKnownFileType = sourcecode.swift; path = TagBarRouter.swift; sourceTree = "<group>"; };
		67CE08B427887303006C25C1 /* TagBarViewController.swift */ = {isa = PBXFileReference; lastKnownFileType = sourcecode.swift; path = TagBarViewController.swift; sourceTree = "<group>"; };
		67CE08B527887303006C25C1 /* TagBarBuilder.swift */ = {isa = PBXFileReference; lastKnownFileType = sourcecode.swift; path = TagBarBuilder.swift; sourceTree = "<group>"; };
		67CE08B627887303006C25C1 /* TagBarInteractor.swift */ = {isa = PBXFileReference; lastKnownFileType = sourcecode.swift; path = TagBarInteractor.swift; sourceTree = "<group>"; };
		67CE08DE2789845F006C25C1 /* TagBarCollectionViewCell.swift */ = {isa = PBXFileReference; lastKnownFileType = sourcecode.swift; path = TagBarCollectionViewCell.swift; sourceTree = "<group>"; };
		67CE08E02789D152006C25C1 /* TagStorageTransformer.swift */ = {isa = PBXFileReference; lastKnownFileType = sourcecode.swift; path = TagStorageTransformer.swift; sourceTree = "<group>"; };
		67CE08E42789ED7A006C25C1 /* ReusableView.swift */ = {isa = PBXFileReference; lastKnownFileType = sourcecode.swift; path = ReusableView.swift; sourceTree = "<group>"; };
		67CE08E62789F1C4006C25C1 /* UIView.swift */ = {isa = PBXFileReference; lastKnownFileType = sourcecode.swift; path = UIView.swift; sourceTree = "<group>"; };
		67CE08E9278B4B0D006C25C1 /* TagSettingsRouter.swift */ = {isa = PBXFileReference; lastKnownFileType = sourcecode.swift; path = TagSettingsRouter.swift; sourceTree = "<group>"; };
		67CE08EA278B4B0D006C25C1 /* TagSettingsViewController.swift */ = {isa = PBXFileReference; lastKnownFileType = sourcecode.swift; path = TagSettingsViewController.swift; sourceTree = "<group>"; };
		67CE08EB278B4B0D006C25C1 /* TagSettingsBuilder.swift */ = {isa = PBXFileReference; lastKnownFileType = sourcecode.swift; path = TagSettingsBuilder.swift; sourceTree = "<group>"; };
		67CE08EC278B4B0D006C25C1 /* TagSettingsInteractor.swift */ = {isa = PBXFileReference; lastKnownFileType = sourcecode.swift; path = TagSettingsInteractor.swift; sourceTree = "<group>"; };
		67CE08F2278C22BC006C25C1 /* TagSettingsTableViewCell.swift */ = {isa = PBXFileReference; lastKnownFileType = sourcecode.swift; path = TagSettingsTableViewCell.swift; sourceTree = "<group>"; };
		67DB1FF727B55FD40045D301 /* SearchBar.swift */ = {isa = PBXFileReference; lastKnownFileType = sourcecode.swift; path = SearchBar.swift; sourceTree = "<group>"; };
		67EDC91427717476003F646F /* Hook.app */ = {isa = PBXFileReference; explicitFileType = wrapper.application; includeInIndex = 0; path = Hook.app; sourceTree = BUILT_PRODUCTS_DIR; };
		67EDC91727717476003F646F /* AppDelegate.swift */ = {isa = PBXFileReference; lastKnownFileType = sourcecode.swift; path = AppDelegate.swift; sourceTree = "<group>"; };
		67EDC92027717477003F646F /* Assets.xcassets */ = {isa = PBXFileReference; lastKnownFileType = folder.assetcatalog; path = Assets.xcassets; sourceTree = "<group>"; };
		67EDC92327717477003F646F /* Base */ = {isa = PBXFileReference; lastKnownFileType = file.storyboard; name = Base; path = Base.lproj/LaunchScreen.storyboard; sourceTree = "<group>"; };
		67EDC92527717477003F646F /* Info.plist */ = {isa = PBXFileReference; lastKnownFileType = text.plist.xml; path = Info.plist; sourceTree = "<group>"; };
		67F21B57277FE3F900C1E985 /* AppDelegateTests.swift */ = {isa = PBXFileReference; lastKnownFileType = sourcecode.swift; path = AppDelegateTests.swift; sourceTree = "<group>"; };
		67F21B59277FFCB200C1E985 /* AppMock.swift */ = {isa = PBXFileReference; lastKnownFileType = sourcecode.swift; path = AppMock.swift; sourceTree = "<group>"; };
		67F54A9827B731F200868E93 /* SearchTagsRouter.swift */ = {isa = PBXFileReference; lastKnownFileType = sourcecode.swift; path = SearchTagsRouter.swift; sourceTree = "<group>"; };
		67F54A9927B731F200868E93 /* SearchTagsViewController.swift */ = {isa = PBXFileReference; lastKnownFileType = sourcecode.swift; path = SearchTagsViewController.swift; sourceTree = "<group>"; };
		67F54A9A27B731F200868E93 /* SearchTagsBuilder.swift */ = {isa = PBXFileReference; lastKnownFileType = sourcecode.swift; path = SearchTagsBuilder.swift; sourceTree = "<group>"; };
		67F54A9B27B731F200868E93 /* SearchTagsInteractor.swift */ = {isa = PBXFileReference; lastKnownFileType = sourcecode.swift; path = SearchTagsInteractor.swift; sourceTree = "<group>"; };
		67F54AA127B747F900868E93 /* SearchTagsTableViewCell.swift */ = {isa = PBXFileReference; lastKnownFileType = sourcecode.swift; path = SearchTagsTableViewCell.swift; sourceTree = "<group>"; };
		67F54AA327B9D4E700868E93 /* AlertController.swift */ = {isa = PBXFileReference; lastKnownFileType = sourcecode.swift; path = AlertController.swift; sourceTree = "<group>"; };
		67F54AA727B9E81800868E93 /* AlertAction.swift */ = {isa = PBXFileReference; lastKnownFileType = sourcecode.swift; path = AlertAction.swift; sourceTree = "<group>"; };
		67F6923B279D0BB500AFFA0B /* BookmarkRepository.swift */ = {isa = PBXFileReference; lastKnownFileType = sourcecode.swift; path = BookmarkRepository.swift; sourceTree = "<group>"; };
		AC21C7F00D33770B60875905 /* Pods-HookTests.release.xcconfig */ = {isa = PBXFileReference; includeInIndex = 1; lastKnownFileType = text.xcconfig; name = "Pods-HookTests.release.xcconfig"; path = "Target Support Files/Pods-HookTests/Pods-HookTests.release.xcconfig"; sourceTree = "<group>"; };
		C95653514DC318383C46E2D0 /* Pods-Hook.debug.xcconfig */ = {isa = PBXFileReference; includeInIndex = 1; lastKnownFileType = text.xcconfig; name = "Pods-Hook.debug.xcconfig"; path = "Target Support Files/Pods-Hook/Pods-Hook.debug.xcconfig"; sourceTree = "<group>"; };
		F811AAEB8B93A88A09DC7BE6 /* libPods-HookTests.a */ = {isa = PBXFileReference; explicitFileType = archive.ar; includeInIndex = 0; path = "libPods-HookTests.a"; sourceTree = BUILT_PRODUCTS_DIR; };
/* End PBXFileReference section */

/* Begin PBXFrameworksBuildPhase section */
		670FF4CA27799B4E00F4E64D /* Frameworks */ = {
			isa = PBXFrameworksBuildPhase;
			buildActionMask = 2147483647;
			files = (
				5245B402AB6ABC6240F7A980 /* libPods-HookTests.a in Frameworks */,
			);
			runOnlyForDeploymentPostprocessing = 0;
		};
		67EDC91127717476003F646F /* Frameworks */ = {
			isa = PBXFrameworksBuildPhase;
			buildActionMask = 2147483647;
			files = (
				60735617F7FE4C51A00A7BA7 /* libPods-Hook.a in Frameworks */,
				6736DE54278423BC003E7321 /* CloudKit.framework in Frameworks */,
			);
			runOnlyForDeploymentPostprocessing = 0;
		};
/* End PBXFrameworksBuildPhase section */

/* Begin PBXGroup section */
		6705B5D527815AB700793CB8 /* Browse */ = {
			isa = PBXGroup;
			children = (
				67CE08AB2788279F006C25C1 /* Tag */,
				6735714227A1959800C1136B /* Bookmark */,
				6705B5D927815B3F00793CB8 /* BrowseRouter.swift */,
				6705B5DC27815B3F00793CB8 /* BrowseInteractor.swift */,
				6705B5DB27815B3F00793CB8 /* BrowseBuilder.swift */,
				6705B5DA27815B3F00793CB8 /* BrowseViewController.swift */,
			);
			path = Browse;
			sourceTree = "<group>";
		};
		6705B5D627815AC800793CB8 /* Search */ = {
			isa = PBXGroup;
			children = (
				6705B5E127815BA300793CB8 /* SearchRouter.swift */,
				6705B5E427815BA300793CB8 /* SearchInteractor.swift */,
				6705B5E327815BA300793CB8 /* SearchBuilder.swift */,
				6705B5E227815BA300793CB8 /* SearchViewController.swift */,
			);
			path = Search;
			sourceTree = "<group>";
		};
		6705B5D727815AD700793CB8 /* Favorites */ = {
			isa = PBXGroup;
			children = (
				6705B5EB27815C2F00793CB8 /* FavoritesRouter.swift */,
				6705B5EE27815C2F00793CB8 /* FavoritesInteractor.swift */,
				6705B5ED27815C2F00793CB8 /* FavoritesBuilder.swift */,
				6705B5EC27815C2F00793CB8 /* FavoritesViewController.swift */,
			);
			path = Favorites;
			sourceTree = "<group>";
		};
		6705B5D827815AE400793CB8 /* Account */ = {
			isa = PBXGroup;
			children = (
				6705B5F327815C7400793CB8 /* AccountRouter.swift */,
				6705B5F627815C7400793CB8 /* AccountInteractor.swift */,
				6705B5F527815C7400793CB8 /* AccountBuilder.swift */,
				6705B5F427815C7400793CB8 /* AccountViewController.swift */,
			);
			path = Account;
			sourceTree = "<group>";
		};
		670FF4CE27799B4E00F4E64D /* HookTests */ = {
			isa = PBXGroup;
			children = (
				67F21B56277FE3EE00C1E985 /* App */,
				673A88EF277E117400A89DC7 /* Root */,
				673A88F6277E130D00A89DC7 /* TestSupport */,
			);
			path = HookTests;
			sourceTree = "<group>";
		};
		672B2FD52771A73E0075F348 /* Utils */ = {
			isa = PBXGroup;
			children = (
				673A88B0277BFBF900A89DC7 /* Constants */,
				673A88A9277BF57A00A89DC7 /* Extensions */,
				67BDEA36277764CA0031FEC1 /* AutoLayout.swift */,
				672B2FD62771A7580075F348 /* KeychainManager.swift */,
				6705B61D2782111D00793CB8 /* NavigationController.swift */,
				673A88B1277C05CD00A89DC7 /* Stream.swift */,
			);
			path = Utils;
			sourceTree = "<group>";
		};
		672B2FD82771A7990075F348 /* Errors */ = {
			isa = PBXGroup;
			children = (
				672B2FD92771A7A70075F348 /* KeychainError.swift */,
			);
			path = Errors;
			sourceTree = "<group>";
		};
		672B2FDB2771A7D30075F348 /* Models */ = {
			isa = PBXGroup;
			children = (
				6739077F279DB6E900742772 /* Bookmark.swift */,
				67390781279DB72900742772 /* BookmarkTag.swift */,
				672B2FE12771B6820075F348 /* Credential.swift */,
				676D139B27917A94003AA102 /* EnterTagMode.swift */,
				672B2FDC2771A8080075F348 /* KeychainItem.swift */,
				672B2FE52771CFCF0075F348 /* LoginState.swift */,
				676AC7D4278579A60047B95F /* Tag.swift */,
			);
			path = Models;
			sourceTree = "<group>";
		};
		672B2FDE2771B5E70075F348 /* Repositories */ = {
			isa = PBXGroup;
			children = (
				67F6923B279D0BB500AFFA0B /* BookmarkRepository.swift */,
				672B2FDF2771B6420075F348 /* CredentialRepository.swift */,
				676AC7D2278574AF0047B95F /* TagRepository.swift */,
			);
			path = Repositories;
			sourceTree = "<group>";
		};
		672B2FEB27749A740075F348 /* Root */ = {
			isa = PBXGroup;
			children = (
				672B2FEC27749AA90075F348 /* RootRouter.swift */,
				672B2FEF27749AA90075F348 /* RootInteractor.swift */,
				672B2FEE27749AA90075F348 /* RootBuilder.swift */,
				672B2FED27749AA90075F348 /* RootViewController.swift */,
			);
			path = Root;
			sourceTree = "<group>";
		};
		672F49E527AC98A000DACEF5 /* Views */ = {
			isa = PBXGroup;
			children = (
				672F49E627AC99D000DACEF5 /* LabeledTagCollectionView.swift */,
				67CB5B1327B0AFAA00DE2582 /* LabeledTagCollectionViewCell.swift */,
			);
			path = Views;
			sourceTree = "<group>";
		};
		672F49E827AD1A6800DACEF5 /* SelectTags */ = {
			isa = PBXGroup;
			children = (
				672F49F827AD6E0000DACEF5 /* Views */,
				672F49E927AD1A8200DACEF5 /* SelectTagsRouter.swift */,
				672F49EC27AD1A8200DACEF5 /* SelectTagsInteractor.swift */,
				672F49EB27AD1A8200DACEF5 /* SelectTagsBuilder.swift */,
				672F49EA27AD1A8200DACEF5 /* SelectTagsViewController.swift */,
			);
			path = SelectTags;
			sourceTree = "<group>";
		};
		672F49F827AD6E0000DACEF5 /* Views */ = {
			isa = PBXGroup;
			children = (
				672F49F927AD6E2100DACEF5 /* SelectTagsTableViewCell.swift */,
			);
			path = Views;
			sourceTree = "<group>";
		};
		6735714227A1959800C1136B /* Bookmark */ = {
			isa = PBXGroup;
			children = (
				6735714927A19B8A00C1136B /* BookmarkBrowser */,
				67A2A0C127A246780036C361 /* EnterBookmark */,
				6735714327A1961800C1136B /* BookmarkRouter.swift */,
				6735714527A1961800C1136B /* BookmarkInteractor.swift */,
				6735714427A1961800C1136B /* BookmarkBuilder.swift */,
			);
			path = Bookmark;
			sourceTree = "<group>";
		};
		6735714927A19B8A00C1136B /* BookmarkBrowser */ = {
			isa = PBXGroup;
			children = (
				6735714A27A19B9F00C1136B /* BookmarkBrowserRouter.swift */,
				6735714D27A19B9F00C1136B /* BookmarkBrowserInteractor.swift */,
				6735714C27A19B9F00C1136B /* BookmarkBrowserBuilder.swift */,
				6735714B27A19B9F00C1136B /* BookmarkBrowserViewController.swift */,
			);
			path = BookmarkBrowser;
			sourceTree = "<group>";
		};
		6736DE5527843AF7003E7321 /* Persistence */ = {
			isa = PBXGroup;
			children = (
				676AC7C2278447190047B95F /* ManagedObject */,
				6736DE5627843B38003E7321 /* PersistenceModel.xcdatamodeld */,
				676AC7D027856F960047B95F /* PersistentContainer.swift */,
				6736DE5B27843D38003E7321 /* TagEntity.swift */,
				67CE08E02789D152006C25C1 /* TagStorageTransformer.swift */,
			);
			path = Persistence;
			sourceTree = "<group>";
		};
		673A88A9277BF57A00A89DC7 /* Extensions */ = {
			isa = PBXGroup;
			children = (
				676AC7DE2785EEA80047B95F /* Array.swift */,
				67BDEA3A277786C80031FEC1 /* Convertible.swift */,
				67CE08E42789ED7A006C25C1 /* ReusableView.swift */,
				673A88A7277BF49E00A89DC7 /* String.swift */,
				67CE08E62789F1C4006C25C1 /* UIView.swift */,
				67BDEA342774CD210031FEC1 /* ViewControllable.swift */,
			);
			path = Extensions;
			sourceTree = "<group>";
		};
		673A88B0277BFBF900A89DC7 /* Constants */ = {
			isa = PBXGroup;
			children = (
				67923BFB2795C6BA00B8E41E /* Asset.swift */,
				673A88AC277BF64000A89DC7 /* LocalizedString.swift */,
				673A889E277B7E7600A89DC7 /* NotificationName.swift */,
				676AC7DC2785E6620047B95F /* TagName.swift */,
			);
			path = Constants;
			sourceTree = "<group>";
		};
		673A88EF277E117400A89DC7 /* Root */ = {
			isa = PBXGroup;
			children = (
				673A88F0277E117F00A89DC7 /* RootInteractorTests.swift */,
				673A88F4277E11D800A89DC7 /* RootMock.swift */,
			);
			path = Root;
			sourceTree = "<group>";
		};
		673A88F6277E130D00A89DC7 /* TestSupport */ = {
			isa = PBXGroup;
			children = (
				673A88FB277E139F00A89DC7 /* ViewableRoutingMock.swift */,
				67A2AFAC277F509E00D3A28D /* ViewControllableMock.swift */,
			);
			path = TestSupport;
			sourceTree = "<group>";
		};
		676AC7C2278447190047B95F /* ManagedObject */ = {
			isa = PBXGroup;
			children = (
				67A763C727ABD2E4002B34F4 /* ManagedObject */,
			);
			path = ManagedObject;
			sourceTree = "<group>";
		};
		676D137B278EC0B7003AA102 /* EnterTag */ = {
			isa = PBXGroup;
			children = (
				676D137C278EC0CE003AA102 /* EnterTagRouter.swift */,
				676D137F278EC0CE003AA102 /* EnterTagInteractor.swift */,
				676D137E278EC0CE003AA102 /* EnterTagBuilder.swift */,
				676D137D278EC0CE003AA102 /* EnterTagViewController.swift */,
			);
			path = EnterTag;
			sourceTree = "<group>";
		};
		676D1388278F1CE4003AA102 /* Views */ = {
			isa = PBXGroup;
			children = (
				67F54AA727B9E81800868E93 /* AlertAction.swift */,
				67F54AA327B9D4E700868E93 /* AlertController.swift */,
				676D139327902BB3003AA102 /* CountLimitTextField.swift */,
				67CB5B0F27B0A50900DE2582 /* LabeledView.swift */,
				67CB5B1627B119F700DE2582 /* LeftAlignmentCollectionView.swift */,
				676D1397279038BE003AA102 /* RoundedCornerButton.swift */,
				67923BFD2795CA4C00B8E41E /* RoundedCornerView.swift */,
				67DB1FF727B55FD40045D301 /* SearchBar.swift */,
				67A763D427AC0CFC002B34F4 /* SheetHeaderView.swift */,
				676D139527902BE0003AA102 /* TextField.swift */,
			);
			path = Views;
			sourceTree = "<group>";
		};
		676DF87B2791CDB900267103 /* EditTags */ = {
			isa = PBXGroup;
			children = (
				67923BF6279570F500B8E41E /* Views */,
				676DF87C2791CDD600267103 /* EditTagsRouter.swift */,
				676DF87F2791CDD600267103 /* EditTagsInteractor.swift */,
				676DF87E2791CDD600267103 /* EditTagsBuilder.swift */,
				676DF87D2791CDD600267103 /* EditTagsViewController.swift */,
			);
			path = EditTags;
			sourceTree = "<group>";
		};
		67923BF6279570F500B8E41E /* Views */ = {
			isa = PBXGroup;
			children = (
				67923BF72795711300B8E41E /* EditTagsTableView.swift */,
				67923BF92795715C00B8E41E /* EditTagsTableViewCell.swift */,
			);
			path = Views;
			sourceTree = "<group>";
		};
		67A2A0C127A246780036C361 /* EnterBookmark */ = {
			isa = PBXGroup;
			children = (
				672F49E527AC98A000DACEF5 /* Views */,
				67A2A0C227A2468E0036C361 /* EnterBookmarkRouter.swift */,
				67A2A0C527A2468E0036C361 /* EnterBookmarkInteractor.swift */,
				67A2A0C427A2468E0036C361 /* EnterBookmarkBuilder.swift */,
				67A2A0C327A2468E0036C361 /* EnterBookmarkViewController.swift */,
			);
			path = EnterBookmark;
			sourceTree = "<group>";
		};
		67A763C727ABD2E4002B34F4 /* ManagedObject */ = {
			isa = PBXGroup;
			children = (
				67A763CD27ABD2F8002B34F4 /* BookmarkEntity+CoreDataClass.swift */,
				67A763C827ABD2F7002B34F4 /* BookmarkEntity+CoreDataProperties.swift */,
				67A763C927ABD2F7002B34F4 /* BookmarkTagEntity+CoreDataClass.swift */,
				67A763CA27ABD2F7002B34F4 /* BookmarkTagEntity+CoreDataProperties.swift */,
				67A763CB27ABD2F7002B34F4 /* TagStorage+CoreDataClass.swift */,
				67A763CC27ABD2F8002B34F4 /* TagStorage+CoreDataProperties.swift */,
			);
			path = ManagedObject;
			sourceTree = "<group>";
		};
		67BDEA242774C7C40031FEC1 /* LoggedOut */ = {
			isa = PBXGroup;
			children = (
				67BDEA252774C7E70031FEC1 /* LoggedOutRouter.swift */,
				67BDEA282774C7E70031FEC1 /* LoggedOutInteractor.swift */,
				67BDEA272774C7E70031FEC1 /* LoggedOutBuilder.swift */,
				67BDEA262774C7E70031FEC1 /* LoggedOutViewController.swift */,
			);
			path = LoggedOut;
			sourceTree = "<group>";
		};
		67BDEA2D2774C7F30031FEC1 /* LoggedIn */ = {
			isa = PBXGroup;
			children = (
				67BDEA2E2774C81F0031FEC1 /* LoggedInRouter.swift */,
				67BDEA302774C81F0031FEC1 /* LoggedInInteractor.swift */,
				67BDEA2F2774C81F0031FEC1 /* LoggedInBuilder.swift */,
				6705B61B2781DF3100793CB8 /* LoggedInViewController.swift */,
			);
			path = LoggedIn;
			sourceTree = "<group>";
		};
		67CB5B1527B0E2A700DE2582 /* Layouts */ = {
			isa = PBXGroup;
			children = (
				67CB5B1127B0AE6B00DE2582 /* LeftAlignmentCollectionViewFlowLayout.swift */,
			);
			path = Layouts;
			sourceTree = "<group>";
		};
		67CE08AB2788279F006C25C1 /* Tag */ = {
			isa = PBXGroup;
			children = (
				67CE08B227885606006C25C1 /* TagBar */,
				67CE08E8278B4AEB006C25C1 /* TagSettings */,
				676D137B278EC0B7003AA102 /* EnterTag */,
				676DF87B2791CDB900267103 /* EditTags */,
				672F49E827AD1A6800DACEF5 /* SelectTags */,
				67F54A9727B731D900868E93 /* SearchTags */,
				67CE08AC278827BC006C25C1 /* TagRouter.swift */,
				67CE08AE278827BC006C25C1 /* TagInteractor.swift */,
				67CE08AD278827BC006C25C1 /* TagBuilder.swift */,
			);
			path = Tag;
			sourceTree = "<group>";
		};
		67CE08B227885606006C25C1 /* TagBar */ = {
			isa = PBXGroup;
			children = (
				67CE08DD27898428006C25C1 /* Views */,
				67CE08B327887303006C25C1 /* TagBarRouter.swift */,
				67CE08B627887303006C25C1 /* TagBarInteractor.swift */,
				67CE08B527887303006C25C1 /* TagBarBuilder.swift */,
				67CE08B427887303006C25C1 /* TagBarViewController.swift */,
			);
			path = TagBar;
			sourceTree = "<group>";
		};
		67CE08DD27898428006C25C1 /* Views */ = {
			isa = PBXGroup;
			children = (
				67CE08DE2789845F006C25C1 /* TagBarCollectionViewCell.swift */,
			);
			path = Views;
			sourceTree = "<group>";
		};
		67CE08E8278B4AEB006C25C1 /* TagSettings */ = {
			isa = PBXGroup;
			children = (
				67CE08F1278C2235006C25C1 /* Views */,
				67CE08E9278B4B0D006C25C1 /* TagSettingsRouter.swift */,
				67CE08EC278B4B0D006C25C1 /* TagSettingsInteractor.swift */,
				67CE08EB278B4B0D006C25C1 /* TagSettingsBuilder.swift */,
				67CE08EA278B4B0D006C25C1 /* TagSettingsViewController.swift */,
			);
			path = TagSettings;
			sourceTree = "<group>";
		};
		67CE08F1278C2235006C25C1 /* Views */ = {
			isa = PBXGroup;
			children = (
				67CE08F2278C22BC006C25C1 /* TagSettingsTableViewCell.swift */,
			);
			path = Views;
			sourceTree = "<group>";
		};
		67EDC90B27717476003F646F = {
			isa = PBXGroup;
			children = (
				67EDC91627717476003F646F /* Hook */,
				670FF4CE27799B4E00F4E64D /* HookTests */,
				67EDC91527717476003F646F /* Products */,
				AADF5658CC2FB2B881155C81 /* Pods */,
				D9737842FF022C304509FA89 /* Frameworks */,
			);
			sourceTree = "<group>";
		};
		67EDC91527717476003F646F /* Products */ = {
			isa = PBXGroup;
			children = (
				67EDC91427717476003F646F /* Hook.app */,
				670FF4CD27799B4E00F4E64D /* HookTests.xctest */,
			);
			name = Products;
			sourceTree = "<group>";
		};
		67EDC91627717476003F646F /* Hook */ = {
			isa = PBXGroup;
			children = (
				67BDEA3C27783E960031FEC1 /* Hook.entitlements */,
				67EDC92B277175AF003F646F /* App */,
				672B2FEB27749A740075F348 /* Root */,
				67BDEA242774C7C40031FEC1 /* LoggedOut */,
				67BDEA2D2774C7F30031FEC1 /* LoggedIn */,
				6705B5D527815AB700793CB8 /* Browse */,
				6705B5D627815AC800793CB8 /* Search */,
				6705B5D727815AD700793CB8 /* Favorites */,
				6705B5D827815AE400793CB8 /* Account */,
				6736DE5527843AF7003E7321 /* Persistence */,
				672B2FDE2771B5E70075F348 /* Repositories */,
				672B2FD52771A73E0075F348 /* Utils */,
				676D1388278F1CE4003AA102 /* Views */,
				67CB5B1527B0E2A700DE2582 /* Layouts */,
				672B2FDB2771A7D30075F348 /* Models */,
				672B2FD82771A7990075F348 /* Errors */,
				67EDC92C277175C4003F646F /* Resources */,
			);
			path = Hook;
			sourceTree = "<group>";
		};
		67EDC92B277175AF003F646F /* App */ = {
			isa = PBXGroup;
			children = (
				67EDC91727717476003F646F /* AppDelegate.swift */,
				672B2FE72771D1810075F348 /* AppComponent.swift */,
			);
			path = App;
			sourceTree = "<group>";
		};
		67EDC92C277175C4003F646F /* Resources */ = {
			isa = PBXGroup;
			children = (
				67EDC92027717477003F646F /* Assets.xcassets */,
				67EDC92527717477003F646F /* Info.plist */,
				67EDC92227717477003F646F /* LaunchScreen.storyboard */,
				673A88A4277BF2F100A89DC7 /* Localizable.strings */,
			);
			path = Resources;
			sourceTree = "<group>";
		};
		67F21B56277FE3EE00C1E985 /* App */ = {
			isa = PBXGroup;
			children = (
				67F21B57277FE3F900C1E985 /* AppDelegateTests.swift */,
				67F21B59277FFCB200C1E985 /* AppMock.swift */,
			);
			path = App;
			sourceTree = "<group>";
		};
		67F54A9727B731D900868E93 /* SearchTags */ = {
			isa = PBXGroup;
			children = (
				67F54AA027B747D400868E93 /* Views */,
				67F54A9827B731F200868E93 /* SearchTagsRouter.swift */,
				67F54A9B27B731F200868E93 /* SearchTagsInteractor.swift */,
				67F54A9A27B731F200868E93 /* SearchTagsBuilder.swift */,
				67F54A9927B731F200868E93 /* SearchTagsViewController.swift */,
			);
			path = SearchTags;
			sourceTree = "<group>";
		};
		67F54AA027B747D400868E93 /* Views */ = {
			isa = PBXGroup;
			children = (
				67F54AA127B747F900868E93 /* SearchTagsTableViewCell.swift */,
			);
			path = Views;
			sourceTree = "<group>";
		};
		AADF5658CC2FB2B881155C81 /* Pods */ = {
			isa = PBXGroup;
			children = (
				C95653514DC318383C46E2D0 /* Pods-Hook.debug.xcconfig */,
				04DE1CB86686785A1309BB23 /* Pods-Hook.release.xcconfig */,
				4AB2B7D53C87E2167FFAE354 /* Pods-HookTests.debug.xcconfig */,
				AC21C7F00D33770B60875905 /* Pods-HookTests.release.xcconfig */,
			);
			path = Pods;
			sourceTree = "<group>";
		};
		D9737842FF022C304509FA89 /* Frameworks */ = {
			isa = PBXGroup;
			children = (
				6736DE53278423BC003E7321 /* CloudKit.framework */,
				5E4130F480F622AAD23E6D8E /* libPods-Hook.a */,
				F811AAEB8B93A88A09DC7BE6 /* libPods-HookTests.a */,
			);
			name = Frameworks;
			sourceTree = "<group>";
		};
/* End PBXGroup section */

/* Begin PBXNativeTarget section */
		670FF4CC27799B4E00F4E64D /* HookTests */ = {
			isa = PBXNativeTarget;
			buildConfigurationList = 670FF4D527799B4E00F4E64D /* Build configuration list for PBXNativeTarget "HookTests" */;
			buildPhases = (
				0004CC2435CFF063F19EFE39 /* [CP] Check Pods Manifest.lock */,
				670FF4CB27799B4E00F4E64D /* Resources */,
				670FF4CA27799B4E00F4E64D /* Frameworks */,
				670FF4C927799B4E00F4E64D /* Sources */,
			);
			buildRules = (
			);
			dependencies = (
				670FF4D227799B4E00F4E64D /* PBXTargetDependency */,
			);
			name = HookTests;
			productName = HookTests;
			productReference = 670FF4CD27799B4E00F4E64D /* HookTests.xctest */;
			productType = "com.apple.product-type.bundle.unit-test";
		};
		67EDC91327717476003F646F /* Hook */ = {
			isa = PBXNativeTarget;
			buildConfigurationList = 67EDC92827717477003F646F /* Build configuration list for PBXNativeTarget "Hook" */;
			buildPhases = (
				8DC8404D3AB0BFC1505CE632 /* [CP] Check Pods Manifest.lock */,
				67EDC91227717476003F646F /* Resources */,
				67EDC91127717476003F646F /* Frameworks */,
				67EDC91027717476003F646F /* Sources */,
			);
			buildRules = (
			);
			dependencies = (
			);
			name = Hook;
			productName = Hook;
			productReference = 67EDC91427717476003F646F /* Hook.app */;
			productType = "com.apple.product-type.application";
		};
/* End PBXNativeTarget section */

/* Begin PBXProject section */
		67EDC90C27717476003F646F /* Project object */ = {
			isa = PBXProject;
			attributes = {
				BuildIndependentTargetsInParallel = 1;
				LastSwiftUpdateCheck = 1310;
				LastUpgradeCheck = 1310;
				TargetAttributes = {
					670FF4CC27799B4E00F4E64D = {
						CreatedOnToolsVersion = 13.1;
						TestTargetID = 67EDC91327717476003F646F;
					};
					67EDC91327717476003F646F = {
						CreatedOnToolsVersion = 13.1;
					};
				};
			};
			buildConfigurationList = 67EDC90F27717476003F646F /* Build configuration list for PBXProject "Hook" */;
			compatibilityVersion = "Xcode 13.0";
			developmentRegion = en;
			hasScannedForEncodings = 0;
			knownRegions = (
				en,
				Base,
				ko,
			);
			mainGroup = 67EDC90B27717476003F646F;
			productRefGroup = 67EDC91527717476003F646F /* Products */;
			projectDirPath = "";
			projectRoot = "";
			targets = (
				67EDC91327717476003F646F /* Hook */,
				670FF4CC27799B4E00F4E64D /* HookTests */,
			);
		};
/* End PBXProject section */

/* Begin PBXResourcesBuildPhase section */
		670FF4CB27799B4E00F4E64D /* Resources */ = {
			isa = PBXResourcesBuildPhase;
			buildActionMask = 2147483647;
			files = (
			);
			runOnlyForDeploymentPostprocessing = 0;
		};
		67EDC91227717476003F646F /* Resources */ = {
			isa = PBXResourcesBuildPhase;
			buildActionMask = 2147483647;
			files = (
				67EDC92427717477003F646F /* LaunchScreen.storyboard in Resources */,
				673A88A2277BF2F100A89DC7 /* Localizable.strings in Resources */,
				67EDC92127717477003F646F /* Assets.xcassets in Resources */,
			);
			runOnlyForDeploymentPostprocessing = 0;
		};
/* End PBXResourcesBuildPhase section */

/* Begin PBXShellScriptBuildPhase section */
		0004CC2435CFF063F19EFE39 /* [CP] Check Pods Manifest.lock */ = {
			isa = PBXShellScriptBuildPhase;
			buildActionMask = 2147483647;
			files = (
			);
			inputFileListPaths = (
			);
			inputPaths = (
				"${PODS_PODFILE_DIR_PATH}/Podfile.lock",
				"${PODS_ROOT}/Manifest.lock",
			);
			name = "[CP] Check Pods Manifest.lock";
			outputFileListPaths = (
			);
			outputPaths = (
				"$(DERIVED_FILE_DIR)/Pods-HookTests-checkManifestLockResult.txt",
			);
			runOnlyForDeploymentPostprocessing = 0;
			shellPath = /bin/sh;
			shellScript = "diff \"${PODS_PODFILE_DIR_PATH}/Podfile.lock\" \"${PODS_ROOT}/Manifest.lock\" > /dev/null\nif [ $? != 0 ] ; then\n    # print error to STDERR\n    echo \"error: The sandbox is not in sync with the Podfile.lock. Run 'pod install' or update your CocoaPods installation.\" >&2\n    exit 1\nfi\n# This output is used by Xcode 'outputs' to avoid re-running this script phase.\necho \"SUCCESS\" > \"${SCRIPT_OUTPUT_FILE_0}\"\n";
			showEnvVarsInLog = 0;
		};
		8DC8404D3AB0BFC1505CE632 /* [CP] Check Pods Manifest.lock */ = {
			isa = PBXShellScriptBuildPhase;
			buildActionMask = 2147483647;
			files = (
			);
			inputFileListPaths = (
			);
			inputPaths = (
				"${PODS_PODFILE_DIR_PATH}/Podfile.lock",
				"${PODS_ROOT}/Manifest.lock",
			);
			name = "[CP] Check Pods Manifest.lock";
			outputFileListPaths = (
			);
			outputPaths = (
				"$(DERIVED_FILE_DIR)/Pods-Hook-checkManifestLockResult.txt",
			);
			runOnlyForDeploymentPostprocessing = 0;
			shellPath = /bin/sh;
			shellScript = "diff \"${PODS_PODFILE_DIR_PATH}/Podfile.lock\" \"${PODS_ROOT}/Manifest.lock\" > /dev/null\nif [ $? != 0 ] ; then\n    # print error to STDERR\n    echo \"error: The sandbox is not in sync with the Podfile.lock. Run 'pod install' or update your CocoaPods installation.\" >&2\n    exit 1\nfi\n# This output is used by Xcode 'outputs' to avoid re-running this script phase.\necho \"SUCCESS\" > \"${SCRIPT_OUTPUT_FILE_0}\"\n";
			showEnvVarsInLog = 0;
		};
/* End PBXShellScriptBuildPhase section */

/* Begin PBXSourcesBuildPhase section */
		670FF4C927799B4E00F4E64D /* Sources */ = {
			isa = PBXSourcesBuildPhase;
			buildActionMask = 2147483647;
			files = (
				673A88FC277E139F00A89DC7 /* ViewableRoutingMock.swift in Sources */,
				67F21B58277FE3F900C1E985 /* AppDelegateTests.swift in Sources */,
				673A88F5277E11D800A89DC7 /* RootMock.swift in Sources */,
				67F21B5A277FFCB200C1E985 /* AppMock.swift in Sources */,
				673A88F2277E117F00A89DC7 /* RootInteractorTests.swift in Sources */,
				67A2AFAD277F509E00D3A28D /* ViewControllableMock.swift in Sources */,
			);
			runOnlyForDeploymentPostprocessing = 0;
		};
		67EDC91027717476003F646F /* Sources */ = {
			isa = PBXSourcesBuildPhase;
			buildActionMask = 2147483647;
			files = (
				6705B5EF27815C2F00793CB8 /* FavoritesRouter.swift in Sources */,
				672F49EE27AD1A8200DACEF5 /* SelectTagsViewController.swift in Sources */,
				672B2FDD2771A8080075F348 /* KeychainItem.swift in Sources */,
				67F54A9C27B731F200868E93 /* SearchTagsRouter.swift in Sources */,
				67F54AA827B9E81800868E93 /* AlertAction.swift in Sources */,
				67A763CF27ABD2F8002B34F4 /* BookmarkTagEntity+CoreDataClass.swift in Sources */,
				67BDEA2A2774C7E70031FEC1 /* LoggedOutViewController.swift in Sources */,
				6736DE5C27843D38003E7321 /* TagEntity.swift in Sources */,
				67CB5B1427B0AFAA00DE2582 /* LabeledTagCollectionViewCell.swift in Sources */,
				676D1398279038BE003AA102 /* RoundedCornerButton.swift in Sources */,
				67BDEA292774C7E70031FEC1 /* LoggedOutRouter.swift in Sources */,
				67CE08B827887303006C25C1 /* TagBarViewController.swift in Sources */,
				676DF8832791CDD600267103 /* EditTagsInteractor.swift in Sources */,
				67F54A9F27B731F200868E93 /* SearchTagsInteractor.swift in Sources */,
				67CE08ED278B4B0D006C25C1 /* TagSettingsRouter.swift in Sources */,
				6705B5F727815C7400793CB8 /* AccountRouter.swift in Sources */,
				676AC7DF2785EEA80047B95F /* Array.swift in Sources */,
				672B2FE02771B6420075F348 /* CredentialRepository.swift in Sources */,
				676D139627902BE0003AA102 /* TextField.swift in Sources */,
				676D1380278EC0CE003AA102 /* EnterTagRouter.swift in Sources */,
				6705B5E527815BA300793CB8 /* SearchRouter.swift in Sources */,
				6705B5DD27815B3F00793CB8 /* BrowseRouter.swift in Sources */,
				67BDEA322774C81F0031FEC1 /* LoggedInBuilder.swift in Sources */,
				6735714F27A19B9F00C1136B /* BookmarkBrowserViewController.swift in Sources */,
				67BDEA312774C81F0031FEC1 /* LoggedInRouter.swift in Sources */,
				6705B5F227815C3000793CB8 /* FavoritesInteractor.swift in Sources */,
				672F49E727AC99D000DACEF5 /* LabeledTagCollectionView.swift in Sources */,
				67A763CE27ABD2F8002B34F4 /* BookmarkEntity+CoreDataProperties.swift in Sources */,
				672F49EF27AD1A8200DACEF5 /* SelectTagsBuilder.swift in Sources */,
				676AC7D5278579A60047B95F /* Tag.swift in Sources */,
				6705B61C2781DF3100793CB8 /* LoggedInViewController.swift in Sources */,
				67CE08EE278B4B0D006C25C1 /* TagSettingsViewController.swift in Sources */,
				6735714627A1961800C1136B /* BookmarkRouter.swift in Sources */,
				67923BF82795711300B8E41E /* EditTagsTableView.swift in Sources */,
				67CE08DF2789845F006C25C1 /* TagBarCollectionViewCell.swift in Sources */,
				676D139C27917A94003AA102 /* EnterTagMode.swift in Sources */,
				67CE08B1278827BC006C25C1 /* TagInteractor.swift in Sources */,
				6705B5F927815C7400793CB8 /* AccountBuilder.swift in Sources */,
				672B2FF327749AAA0075F348 /* RootInteractor.swift in Sources */,
				67CE08BA27887303006C25C1 /* TagBarInteractor.swift in Sources */,
				676AC7D127856F960047B95F /* PersistentContainer.swift in Sources */,
				672B2FF127749AA90075F348 /* RootViewController.swift in Sources */,
				67F54A9E27B731F200868E93 /* SearchTagsBuilder.swift in Sources */,
				67390782279DB72900742772 /* BookmarkTag.swift in Sources */,
				67EDC91827717476003F646F /* AppDelegate.swift in Sources */,
				672B2FDA2771A7A70075F348 /* KeychainError.swift in Sources */,
				676DF8822791CDD600267103 /* EditTagsBuilder.swift in Sources */,
				6705B5E627815BA300793CB8 /* SearchViewController.swift in Sources */,
				6705B5E727815BA300793CB8 /* SearchBuilder.swift in Sources */,
				6735715027A19B9F00C1136B /* BookmarkBrowserBuilder.swift in Sources */,
				67A763D227ABD2F8002B34F4 /* TagStorage+CoreDataProperties.swift in Sources */,
				6736DE5827843B38003E7321 /* PersistenceModel.xcdatamodeld in Sources */,
				672B2FE22771B6820075F348 /* Credential.swift in Sources */,
				676DF8802791CDD600267103 /* EditTagsRouter.swift in Sources */,
				67A2A0C827A2468E0036C361 /* EnterBookmarkBuilder.swift in Sources */,
				67CB5B1027B0A50900DE2582 /* LabeledView.swift in Sources */,
				672B2FE82771D1810075F348 /* AppComponent.swift in Sources */,
				67BDEA2B2774C7E70031FEC1 /* LoggedOutBuilder.swift in Sources */,
				672F49F027AD1A8200DACEF5 /* SelectTagsInteractor.swift in Sources */,
				67CE08E72789F1C4006C25C1 /* UIView.swift in Sources */,
				6705B61E2782111D00793CB8 /* NavigationController.swift in Sources */,
				672B2FE62771CFCF0075F348 /* LoginState.swift in Sources */,
				67CE08B0278827BC006C25C1 /* TagBuilder.swift in Sources */,
				67CE08F0278B4B0D006C25C1 /* TagSettingsInteractor.swift in Sources */,
				673A88A8277BF49E00A89DC7 /* String.swift in Sources */,
				6735714727A1961800C1136B /* BookmarkBuilder.swift in Sources */,
				67DB1FF827B55FD40045D301 /* SearchBar.swift in Sources */,
				67CB5B1227B0AE6B00DE2582 /* LeftAlignmentCollectionViewFlowLayout.swift in Sources */,
				672F49ED27AD1A8200DACEF5 /* SelectTagsRouter.swift in Sources */,
				67CE08F3278C22BC006C25C1 /* TagSettingsTableViewCell.swift in Sources */,
				676D139427902BB3003AA102 /* CountLimitTextField.swift in Sources */,
				6705B5E027815B3F00793CB8 /* BrowseInteractor.swift in Sources */,
				676AC7DD2785E6620047B95F /* TagName.swift in Sources */,
				67A2A0C727A2468E0036C361 /* EnterBookmarkViewController.swift in Sources */,
				6705B5DE27815B3F00793CB8 /* BrowseViewController.swift in Sources */,
				67A2A0C927A2468E0036C361 /* EnterBookmarkInteractor.swift in Sources */,
				672B2FF227749AAA0075F348 /* RootBuilder.swift in Sources */,
				67A763D127ABD2F8002B34F4 /* TagStorage+CoreDataClass.swift in Sources */,
				67CE08AF278827BC006C25C1 /* TagRouter.swift in Sources */,
				67CE08B727887303006C25C1 /* TagBarRouter.swift in Sources */,
				673A88AD277BF64000A89DC7 /* LocalizedString.swift in Sources */,
				67390780279DB6E900742772 /* Bookmark.swift in Sources */,
				67A763D027ABD2F8002B34F4 /* BookmarkTagEntity+CoreDataProperties.swift in Sources */,
				67BDEA37277764CA0031FEC1 /* AutoLayout.swift in Sources */,
				672F49FA27AD6E2100DACEF5 /* SelectTagsTableViewCell.swift in Sources */,
				67BDEA3B277786C80031FEC1 /* Convertible.swift in Sources */,
				672B2FF027749AA90075F348 /* RootRouter.swift in Sources */,
				67923BFC2795C6BA00B8E41E /* Asset.swift in Sources */,
				676DF8812791CDD600267103 /* EditTagsViewController.swift in Sources */,
				67BDEA352774CD210031FEC1 /* ViewControllable.swift in Sources */,
				67F54A9D27B731F200868E93 /* SearchTagsViewController.swift in Sources */,
				6705B5F127815C2F00793CB8 /* FavoritesBuilder.swift in Sources */,
				67A763D527AC0CFC002B34F4 /* SheetHeaderView.swift in Sources */,
				676D1381278EC0CE003AA102 /* EnterTagViewController.swift in Sources */,
				67923BFE2795CA4C00B8E41E /* RoundedCornerView.swift in Sources */,
				672B2FD72771A7580075F348 /* KeychainManager.swift in Sources */,
				6705B5DF27815B3F00793CB8 /* BrowseBuilder.swift in Sources */,
				67F54AA427B9D4E700868E93 /* AlertController.swift in Sources */,
				67F6923C279D0BB500AFFA0B /* BookmarkRepository.swift in Sources */,
				67CE08B927887303006C25C1 /* TagBarBuilder.swift in Sources */,
				6705B5F027815C2F00793CB8 /* FavoritesViewController.swift in Sources */,
				67BDEA332774C81F0031FEC1 /* LoggedInInteractor.swift in Sources */,
				6735714E27A19B9F00C1136B /* BookmarkBrowserRouter.swift in Sources */,
				67CE08E52789ED7A006C25C1 /* ReusableView.swift in Sources */,
				6735714827A1961800C1136B /* BookmarkInteractor.swift in Sources */,
				673A889F277B7E7600A89DC7 /* NotificationName.swift in Sources */,
				67F54AA227B747F900868E93 /* SearchTagsTableViewCell.swift in Sources */,
				6705B5FA27815C7400793CB8 /* AccountInteractor.swift in Sources */,
				6705B5F827815C7400793CB8 /* AccountViewController.swift in Sources */,
				67BDEA2C2774C7E70031FEC1 /* LoggedOutInteractor.swift in Sources */,
				6735715127A19B9F00C1136B /* BookmarkBrowserInteractor.swift in Sources */,
				67CE08E12789D152006C25C1 /* TagStorageTransformer.swift in Sources */,
				673A88B2277C05CD00A89DC7 /* Stream.swift in Sources */,
				67CB5B1727B119F700DE2582 /* LeftAlignmentCollectionView.swift in Sources */,
				67A2A0C627A2468E0036C361 /* EnterBookmarkRouter.swift in Sources */,
				67A763D327ABD2F8002B34F4 /* BookmarkEntity+CoreDataClass.swift in Sources */,
				67923BFA2795715C00B8E41E /* EditTagsTableViewCell.swift in Sources */,
				67CE08EF278B4B0D006C25C1 /* TagSettingsBuilder.swift in Sources */,
				676AC7D3278574AF0047B95F /* TagRepository.swift in Sources */,
				676D1382278EC0CE003AA102 /* EnterTagBuilder.swift in Sources */,
				676D1383278EC0CE003AA102 /* EnterTagInteractor.swift in Sources */,
				6705B5E827815BA300793CB8 /* SearchInteractor.swift in Sources */,
			);
			runOnlyForDeploymentPostprocessing = 0;
		};
/* End PBXSourcesBuildPhase section */

/* Begin PBXTargetDependency section */
		670FF4D227799B4E00F4E64D /* PBXTargetDependency */ = {
			isa = PBXTargetDependency;
			target = 67EDC91327717476003F646F /* Hook */;
			targetProxy = 670FF4D127799B4E00F4E64D /* PBXContainerItemProxy */;
		};
/* End PBXTargetDependency section */

/* Begin PBXVariantGroup section */
		673A88A4277BF2F100A89DC7 /* Localizable.strings */ = {
			isa = PBXVariantGroup;
			children = (
				673A88A3277BF2F100A89DC7 /* en */,
				673A88A6277BF33B00A89DC7 /* ko */,
			);
			name = Localizable.strings;
			sourceTree = "<group>";
		};
		67EDC92227717477003F646F /* LaunchScreen.storyboard */ = {
			isa = PBXVariantGroup;
			children = (
				67EDC92327717477003F646F /* Base */,
				673A88A5277BF33B00A89DC7 /* ko */,
			);
			name = LaunchScreen.storyboard;
			sourceTree = "<group>";
		};
/* End PBXVariantGroup section */

/* Begin XCBuildConfiguration section */
		670FF4D327799B4E00F4E64D /* Debug */ = {
			isa = XCBuildConfiguration;
			baseConfigurationReference = 4AB2B7D53C87E2167FFAE354 /* Pods-HookTests.debug.xcconfig */;
			buildSettings = {
				BUNDLE_LOADER = "$(TEST_HOST)";
				CODE_SIGN_STYLE = Automatic;
				CURRENT_PROJECT_VERSION = 1;
				DEVELOPMENT_TEAM = LW42B33394;
				GENERATE_INFOPLIST_FILE = YES;
				IPHONEOS_DEPLOYMENT_TARGET = 15.0;
				LD_RUNPATH_SEARCH_PATHS = (
					"$(inherited)",
					"@executable_path/Frameworks",
					"@loader_path/Frameworks",
				);
				MARKETING_VERSION = 1.0;
				PRODUCT_BUNDLE_IDENTIFIER = "com.meregrey.hook-tests";
				PRODUCT_NAME = "$(TARGET_NAME)";
				SWIFT_EMIT_LOC_STRINGS = NO;
				SWIFT_VERSION = 5.0;
				TARGETED_DEVICE_FAMILY = "1,2";
				TEST_HOST = "$(BUILT_PRODUCTS_DIR)/Hook.app/Hook";
			};
			name = Debug;
		};
		670FF4D427799B4E00F4E64D /* Release */ = {
			isa = XCBuildConfiguration;
			baseConfigurationReference = AC21C7F00D33770B60875905 /* Pods-HookTests.release.xcconfig */;
			buildSettings = {
				BUNDLE_LOADER = "$(TEST_HOST)";
				CODE_SIGN_STYLE = Automatic;
				CURRENT_PROJECT_VERSION = 1;
				DEVELOPMENT_TEAM = LW42B33394;
				GENERATE_INFOPLIST_FILE = YES;
				IPHONEOS_DEPLOYMENT_TARGET = 15.0;
				LD_RUNPATH_SEARCH_PATHS = (
					"$(inherited)",
					"@executable_path/Frameworks",
					"@loader_path/Frameworks",
				);
				MARKETING_VERSION = 1.0;
				PRODUCT_BUNDLE_IDENTIFIER = "com.meregrey.hook-tests";
				PRODUCT_NAME = "$(TARGET_NAME)";
				SWIFT_EMIT_LOC_STRINGS = NO;
				SWIFT_VERSION = 5.0;
				TARGETED_DEVICE_FAMILY = "1,2";
				TEST_HOST = "$(BUILT_PRODUCTS_DIR)/Hook.app/Hook";
			};
			name = Release;
		};
		67EDC92627717477003F646F /* Debug */ = {
			isa = XCBuildConfiguration;
			buildSettings = {
				ALWAYS_SEARCH_USER_PATHS = NO;
				CLANG_ANALYZER_LOCALIZABILITY_NONLOCALIZED = YES;
				CLANG_ANALYZER_NONNULL = YES;
				CLANG_ANALYZER_NUMBER_OBJECT_CONVERSION = YES_AGGRESSIVE;
				CLANG_CXX_LANGUAGE_STANDARD = "gnu++17";
				CLANG_CXX_LIBRARY = "libc++";
				CLANG_ENABLE_MODULES = YES;
				CLANG_ENABLE_OBJC_ARC = YES;
				CLANG_ENABLE_OBJC_WEAK = YES;
				CLANG_WARN_BLOCK_CAPTURE_AUTORELEASING = YES;
				CLANG_WARN_BOOL_CONVERSION = YES;
				CLANG_WARN_COMMA = YES;
				CLANG_WARN_CONSTANT_CONVERSION = YES;
				CLANG_WARN_DEPRECATED_OBJC_IMPLEMENTATIONS = YES;
				CLANG_WARN_DIRECT_OBJC_ISA_USAGE = YES_ERROR;
				CLANG_WARN_DOCUMENTATION_COMMENTS = YES;
				CLANG_WARN_EMPTY_BODY = YES;
				CLANG_WARN_ENUM_CONVERSION = YES;
				CLANG_WARN_INFINITE_RECURSION = YES;
				CLANG_WARN_INT_CONVERSION = YES;
				CLANG_WARN_NON_LITERAL_NULL_CONVERSION = YES;
				CLANG_WARN_OBJC_IMPLICIT_RETAIN_SELF = YES;
				CLANG_WARN_OBJC_LITERAL_CONVERSION = YES;
				CLANG_WARN_OBJC_ROOT_CLASS = YES_ERROR;
				CLANG_WARN_QUOTED_INCLUDE_IN_FRAMEWORK_HEADER = YES;
				CLANG_WARN_RANGE_LOOP_ANALYSIS = YES;
				CLANG_WARN_STRICT_PROTOTYPES = YES;
				CLANG_WARN_SUSPICIOUS_MOVE = YES;
				CLANG_WARN_UNGUARDED_AVAILABILITY = YES_AGGRESSIVE;
				CLANG_WARN_UNREACHABLE_CODE = YES;
				CLANG_WARN__DUPLICATE_METHOD_MATCH = YES;
				COPY_PHASE_STRIP = NO;
				DEBUG_INFORMATION_FORMAT = dwarf;
				ENABLE_STRICT_OBJC_MSGSEND = YES;
				ENABLE_TESTABILITY = YES;
				GCC_C_LANGUAGE_STANDARD = gnu11;
				GCC_DYNAMIC_NO_PIC = NO;
				GCC_NO_COMMON_BLOCKS = YES;
				GCC_OPTIMIZATION_LEVEL = 0;
				GCC_PREPROCESSOR_DEFINITIONS = (
					"DEBUG=1",
					"$(inherited)",
				);
				GCC_WARN_64_TO_32_BIT_CONVERSION = YES;
				GCC_WARN_ABOUT_RETURN_TYPE = YES_ERROR;
				GCC_WARN_UNDECLARED_SELECTOR = YES;
				GCC_WARN_UNINITIALIZED_AUTOS = YES_AGGRESSIVE;
				GCC_WARN_UNUSED_FUNCTION = YES;
				GCC_WARN_UNUSED_VARIABLE = YES;
				IPHONEOS_DEPLOYMENT_TARGET = 13.0;
				MTL_ENABLE_DEBUG_INFO = INCLUDE_SOURCE;
				MTL_FAST_MATH = YES;
				ONLY_ACTIVE_ARCH = YES;
				SDKROOT = iphoneos;
				SWIFT_ACTIVE_COMPILATION_CONDITIONS = DEBUG;
				SWIFT_OPTIMIZATION_LEVEL = "-Onone";
			};
			name = Debug;
		};
		67EDC92727717477003F646F /* Release */ = {
			isa = XCBuildConfiguration;
			buildSettings = {
				ALWAYS_SEARCH_USER_PATHS = NO;
				CLANG_ANALYZER_LOCALIZABILITY_NONLOCALIZED = YES;
				CLANG_ANALYZER_NONNULL = YES;
				CLANG_ANALYZER_NUMBER_OBJECT_CONVERSION = YES_AGGRESSIVE;
				CLANG_CXX_LANGUAGE_STANDARD = "gnu++17";
				CLANG_CXX_LIBRARY = "libc++";
				CLANG_ENABLE_MODULES = YES;
				CLANG_ENABLE_OBJC_ARC = YES;
				CLANG_ENABLE_OBJC_WEAK = YES;
				CLANG_WARN_BLOCK_CAPTURE_AUTORELEASING = YES;
				CLANG_WARN_BOOL_CONVERSION = YES;
				CLANG_WARN_COMMA = YES;
				CLANG_WARN_CONSTANT_CONVERSION = YES;
				CLANG_WARN_DEPRECATED_OBJC_IMPLEMENTATIONS = YES;
				CLANG_WARN_DIRECT_OBJC_ISA_USAGE = YES_ERROR;
				CLANG_WARN_DOCUMENTATION_COMMENTS = YES;
				CLANG_WARN_EMPTY_BODY = YES;
				CLANG_WARN_ENUM_CONVERSION = YES;
				CLANG_WARN_INFINITE_RECURSION = YES;
				CLANG_WARN_INT_CONVERSION = YES;
				CLANG_WARN_NON_LITERAL_NULL_CONVERSION = YES;
				CLANG_WARN_OBJC_IMPLICIT_RETAIN_SELF = YES;
				CLANG_WARN_OBJC_LITERAL_CONVERSION = YES;
				CLANG_WARN_OBJC_ROOT_CLASS = YES_ERROR;
				CLANG_WARN_QUOTED_INCLUDE_IN_FRAMEWORK_HEADER = YES;
				CLANG_WARN_RANGE_LOOP_ANALYSIS = YES;
				CLANG_WARN_STRICT_PROTOTYPES = YES;
				CLANG_WARN_SUSPICIOUS_MOVE = YES;
				CLANG_WARN_UNGUARDED_AVAILABILITY = YES_AGGRESSIVE;
				CLANG_WARN_UNREACHABLE_CODE = YES;
				CLANG_WARN__DUPLICATE_METHOD_MATCH = YES;
				COPY_PHASE_STRIP = NO;
				DEBUG_INFORMATION_FORMAT = "dwarf-with-dsym";
				ENABLE_NS_ASSERTIONS = NO;
				ENABLE_STRICT_OBJC_MSGSEND = YES;
				GCC_C_LANGUAGE_STANDARD = gnu11;
				GCC_NO_COMMON_BLOCKS = YES;
				GCC_WARN_64_TO_32_BIT_CONVERSION = YES;
				GCC_WARN_ABOUT_RETURN_TYPE = YES_ERROR;
				GCC_WARN_UNDECLARED_SELECTOR = YES;
				GCC_WARN_UNINITIALIZED_AUTOS = YES_AGGRESSIVE;
				GCC_WARN_UNUSED_FUNCTION = YES;
				GCC_WARN_UNUSED_VARIABLE = YES;
				IPHONEOS_DEPLOYMENT_TARGET = 13.0;
				MTL_ENABLE_DEBUG_INFO = NO;
				MTL_FAST_MATH = YES;
				SDKROOT = iphoneos;
				SWIFT_COMPILATION_MODE = wholemodule;
				SWIFT_OPTIMIZATION_LEVEL = "-O";
				VALIDATE_PRODUCT = YES;
			};
			name = Release;
		};
		67EDC92927717477003F646F /* Debug */ = {
			isa = XCBuildConfiguration;
			baseConfigurationReference = C95653514DC318383C46E2D0 /* Pods-Hook.debug.xcconfig */;
			buildSettings = {
				ASSETCATALOG_COMPILER_APPICON_NAME = AppIcon;
				ASSETCATALOG_COMPILER_GLOBAL_ACCENT_COLOR_NAME = AccentColor;
				CODE_SIGN_ENTITLEMENTS = Hook/Hook.entitlements;
				CODE_SIGN_STYLE = Automatic;
				CURRENT_PROJECT_VERSION = 1;
				DEVELOPMENT_TEAM = LW42B33394;
				GENERATE_INFOPLIST_FILE = YES;
				INFOPLIST_FILE = Hook/Resources/Info.plist;
				INFOPLIST_KEY_UIApplicationSupportsIndirectInputEvents = YES;
				INFOPLIST_KEY_UILaunchStoryboardName = LaunchScreen;
				INFOPLIST_KEY_UISupportedInterfaceOrientations = UIInterfaceOrientationPortrait;
				INFOPLIST_KEY_UISupportedInterfaceOrientations_iPhone = UIInterfaceOrientationPortrait;
				IPHONEOS_DEPLOYMENT_TARGET = 13.0;
				LD_RUNPATH_SEARCH_PATHS = (
					"$(inherited)",
					"@executable_path/Frameworks",
				);
				MARKETING_VERSION = 1.0;
				PRODUCT_BUNDLE_IDENTIFIER = com.meregrey.hook;
				PRODUCT_NAME = "$(TARGET_NAME)";
				SWIFT_EMIT_LOC_STRINGS = YES;
				SWIFT_VERSION = 5.0;
				TARGETED_DEVICE_FAMILY = 1;
			};
			name = Debug;
		};
		67EDC92A27717477003F646F /* Release */ = {
			isa = XCBuildConfiguration;
			baseConfigurationReference = 04DE1CB86686785A1309BB23 /* Pods-Hook.release.xcconfig */;
			buildSettings = {
				ASSETCATALOG_COMPILER_APPICON_NAME = AppIcon;
				ASSETCATALOG_COMPILER_GLOBAL_ACCENT_COLOR_NAME = AccentColor;
				CODE_SIGN_ENTITLEMENTS = Hook/Hook.entitlements;
				CODE_SIGN_STYLE = Automatic;
				CURRENT_PROJECT_VERSION = 1;
				DEVELOPMENT_TEAM = LW42B33394;
				GENERATE_INFOPLIST_FILE = YES;
				INFOPLIST_FILE = Hook/Resources/Info.plist;
				INFOPLIST_KEY_UIApplicationSupportsIndirectInputEvents = YES;
				INFOPLIST_KEY_UILaunchStoryboardName = LaunchScreen;
				INFOPLIST_KEY_UISupportedInterfaceOrientations = UIInterfaceOrientationPortrait;
				INFOPLIST_KEY_UISupportedInterfaceOrientations_iPhone = UIInterfaceOrientationPortrait;
				IPHONEOS_DEPLOYMENT_TARGET = 13.0;
				LD_RUNPATH_SEARCH_PATHS = (
					"$(inherited)",
					"@executable_path/Frameworks",
				);
				MARKETING_VERSION = 1.0;
				PRODUCT_BUNDLE_IDENTIFIER = com.meregrey.hook;
				PRODUCT_NAME = "$(TARGET_NAME)";
				SWIFT_EMIT_LOC_STRINGS = YES;
				SWIFT_VERSION = 5.0;
				TARGETED_DEVICE_FAMILY = 1;
			};
			name = Release;
		};
/* End XCBuildConfiguration section */

/* Begin XCConfigurationList section */
		670FF4D527799B4E00F4E64D /* Build configuration list for PBXNativeTarget "HookTests" */ = {
			isa = XCConfigurationList;
			buildConfigurations = (
				670FF4D327799B4E00F4E64D /* Debug */,
				670FF4D427799B4E00F4E64D /* Release */,
			);
			defaultConfigurationIsVisible = 0;
			defaultConfigurationName = Release;
		};
		67EDC90F27717476003F646F /* Build configuration list for PBXProject "Hook" */ = {
			isa = XCConfigurationList;
			buildConfigurations = (
				67EDC92627717477003F646F /* Debug */,
				67EDC92727717477003F646F /* Release */,
			);
			defaultConfigurationIsVisible = 0;
			defaultConfigurationName = Release;
		};
		67EDC92827717477003F646F /* Build configuration list for PBXNativeTarget "Hook" */ = {
			isa = XCConfigurationList;
			buildConfigurations = (
				67EDC92927717477003F646F /* Debug */,
				67EDC92A27717477003F646F /* Release */,
			);
			defaultConfigurationIsVisible = 0;
			defaultConfigurationName = Release;
		};
/* End XCConfigurationList section */

/* Begin XCVersionGroup section */
		6736DE5627843B38003E7321 /* PersistenceModel.xcdatamodeld */ = {
			isa = XCVersionGroup;
			children = (
				6736DE5727843B38003E7321 /* PersistenceModel.xcdatamodel */,
			);
			currentVersion = 6736DE5727843B38003E7321 /* PersistenceModel.xcdatamodel */;
			path = PersistenceModel.xcdatamodeld;
			sourceTree = "<group>";
			versionGroupType = wrapper.xcdatamodel;
		};
/* End XCVersionGroup section */
	};
	rootObject = 67EDC90C27717476003F646F /* Project object */;
}
